// !$*UTF8*$!
{
	archiveVersion = 1;
	classes = {
	};
	objectVersion = 56;
	objects = {

/* Begin PBXBuildFile section */
		380BFD8B2B80F2AF0066425D /* CoinsApp.swift in Sources */ = {isa = PBXBuildFile; fileRef = 380BFD8A2B80F2AF0066425D /* CoinsApp.swift */; };
		380BFD8D2B80F2AF0066425D /* OverviewView.swift in Sources */ = {isa = PBXBuildFile; fileRef = 380BFD8C2B80F2AF0066425D /* OverviewView.swift */; };
		380BFD8F2B80F2B00066425D /* Assets.xcassets in Resources */ = {isa = PBXBuildFile; fileRef = 380BFD8E2B80F2B00066425D /* Assets.xcassets */; };
		380BFD922B80F2B00066425D /* Preview Assets.xcassets in Resources */ = {isa = PBXBuildFile; fileRef = 380BFD912B80F2B00066425D /* Preview Assets.xcassets */; };
		380BFD9C2B80F2B00066425D /* CoinsTests.swift in Sources */ = {isa = PBXBuildFile; fileRef = 380BFD9B2B80F2B00066425D /* CoinsTests.swift */; };
		380BFDA62B80F2B00066425D /* CoinsUITests.swift in Sources */ = {isa = PBXBuildFile; fileRef = 380BFDA52B80F2B00066425D /* CoinsUITests.swift */; };
		380BFDA82B80F2B00066425D /* CoinsUITestsLaunchTests.swift in Sources */ = {isa = PBXBuildFile; fileRef = 380BFDA72B80F2B00066425D /* CoinsUITestsLaunchTests.swift */; };
/* End PBXBuildFile section */

/* Begin PBXContainerItemProxy section */
		380BFD982B80F2B00066425D /* PBXContainerItemProxy */ = {
			isa = PBXContainerItemProxy;
			containerPortal = 380BFD7F2B80F2AF0066425D /* Project object */;
			proxyType = 1;
			remoteGlobalIDString = 380BFD862B80F2AF0066425D;
			remoteInfo = Coins;
		};
		380BFDA22B80F2B00066425D /* PBXContainerItemProxy */ = {
			isa = PBXContainerItemProxy;
			containerPortal = 380BFD7F2B80F2AF0066425D /* Project object */;
			proxyType = 1;
			remoteGlobalIDString = 380BFD862B80F2AF0066425D;
			remoteInfo = Coins;
		};
/* End PBXContainerItemProxy section */

/* Begin PBXFileReference section */
		380BFD872B80F2AF0066425D /* Coins.app */ = {isa = PBXFileReference; explicitFileType = wrapper.application; includeInIndex = 0; path = Coins.app; sourceTree = BUILT_PRODUCTS_DIR; };
		380BFD8A2B80F2AF0066425D /* CoinsApp.swift */ = {isa = PBXFileReference; lastKnownFileType = sourcecode.swift; path = CoinsApp.swift; sourceTree = "<group>"; };
		380BFD8C2B80F2AF0066425D /* OverviewView.swift */ = {isa = PBXFileReference; lastKnownFileType = sourcecode.swift; path = OverviewView.swift; sourceTree = "<group>"; };
		380BFD8E2B80F2B00066425D /* Assets.xcassets */ = {isa = PBXFileReference; lastKnownFileType = folder.assetcatalog; path = Assets.xcassets; sourceTree = "<group>"; };
		380BFD912B80F2B00066425D /* Preview Assets.xcassets */ = {isa = PBXFileReference; lastKnownFileType = folder.assetcatalog; path = "Preview Assets.xcassets"; sourceTree = "<group>"; };
		380BFD972B80F2B00066425D /* CoinsTests.xctest */ = {isa = PBXFileReference; explicitFileType = wrapper.cfbundle; includeInIndex = 0; path = CoinsTests.xctest; sourceTree = BUILT_PRODUCTS_DIR; };
		380BFD9B2B80F2B00066425D /* CoinsTests.swift */ = {isa = PBXFileReference; lastKnownFileType = sourcecode.swift; path = CoinsTests.swift; sourceTree = "<group>"; };
		380BFDA12B80F2B00066425D /* CoinsUITests.xctest */ = {isa = PBXFileReference; explicitFileType = wrapper.cfbundle; includeInIndex = 0; path = CoinsUITests.xctest; sourceTree = BUILT_PRODUCTS_DIR; };
		380BFDA52B80F2B00066425D /* CoinsUITests.swift */ = {isa = PBXFileReference; lastKnownFileType = sourcecode.swift; path = CoinsUITests.swift; sourceTree = "<group>"; };
		380BFDA72B80F2B00066425D /* CoinsUITestsLaunchTests.swift */ = {isa = PBXFileReference; lastKnownFileType = sourcecode.swift; path = CoinsUITestsLaunchTests.swift; sourceTree = "<group>"; };
/* End PBXFileReference section */

/* Begin PBXFrameworksBuildPhase section */
		380BFD842B80F2AF0066425D /* Frameworks */ = {
			isa = PBXFrameworksBuildPhase;
			buildActionMask = 2147483647;
			files = (
			);
			runOnlyForDeploymentPostprocessing = 0;
		};
		380BFD942B80F2B00066425D /* Frameworks */ = {
			isa = PBXFrameworksBuildPhase;
			buildActionMask = 2147483647;
			files = (
			);
			runOnlyForDeploymentPostprocessing = 0;
		};
		380BFD9E2B80F2B00066425D /* Frameworks */ = {
			isa = PBXFrameworksBuildPhase;
			buildActionMask = 2147483647;
			files = (
			);
			runOnlyForDeploymentPostprocessing = 0;
		};
/* End PBXFrameworksBuildPhase section */

/* Begin PBXGroup section */
		380BFD7E2B80F2AF0066425D = {
			isa = PBXGroup;
			children = (
				380BFD892B80F2AF0066425D /* Coins */,
				380BFD9A2B80F2B00066425D /* CoinsTests */,
				380BFDA42B80F2B00066425D /* CoinsUITests */,
				380BFD882B80F2AF0066425D /* Products */,
			);
			sourceTree = "<group>";
		};
		380BFD882B80F2AF0066425D /* Products */ = {
			isa = PBXGroup;
			children = (
				380BFD872B80F2AF0066425D /* Coins.app */,
				380BFD972B80F2B00066425D /* CoinsTests.xctest */,
				380BFDA12B80F2B00066425D /* CoinsUITests.xctest */,
			);
			name = Products;
			sourceTree = "<group>";
		};
		380BFD892B80F2AF0066425D /* Coins */ = {
			isa = PBXGroup;
			children = (
				380BFDC02B80F7460066425D /* Core */,
				380BFDBB2B80F6CA0066425D /* Data */,
				380BFDB72B80F6870066425D /* Domain */,
				380BFDB42B80F6050066425D /* Presentation */,
				380BFD902B80F2B00066425D /* Preview Content */,
				380BFD8E2B80F2B00066425D /* Assets.xcassets */,
				380BFD8A2B80F2AF0066425D /* CoinsApp.swift */,
			);
			path = Coins;
			sourceTree = "<group>";
		};
		380BFD902B80F2B00066425D /* Preview Content */ = {
			isa = PBXGroup;
			children = (
				380BFD912B80F2B00066425D /* Preview Assets.xcassets */,
			);
			path = "Preview Content";
			sourceTree = "<group>";
		};
		380BFD9A2B80F2B00066425D /* CoinsTests */ = {
			isa = PBXGroup;
			children = (
				380BFD9B2B80F2B00066425D /* CoinsTests.swift */,
			);
			path = CoinsTests;
			sourceTree = "<group>";
		};
		380BFDA42B80F2B00066425D /* CoinsUITests */ = {
			isa = PBXGroup;
			children = (
				380BFDA52B80F2B00066425D /* CoinsUITests.swift */,
				380BFDA72B80F2B00066425D /* CoinsUITestsLaunchTests.swift */,
			);
			path = CoinsUITests;
			sourceTree = "<group>";
		};
		380BFDB42B80F6050066425D /* Presentation */ = {
			isa = PBXGroup;
			children = (
				380BFDB52B80F6260066425D /* Common */,
				380BFDB62B80F62F0066425D /* Overview */,
			);
			path = Presentation;
			sourceTree = "<group>";
		};
		380BFDB52B80F6260066425D /* Common */ = {
			isa = PBXGroup;
			children = (
			);
			path = Common;
			sourceTree = "<group>";
		};
		380BFDB62B80F62F0066425D /* Overview */ = {
			isa = PBXGroup;
			children = (
				380BFD8C2B80F2AF0066425D /* OverviewView.swift */,
			);
			path = Overview;
			sourceTree = "<group>";
		};
		380BFDB72B80F6870066425D /* Domain */ = {
			isa = PBXGroup;
			children = (
				380BFDB82B80F69B0066425D /* Entity */,
				380BFDB92B80F6A50066425D /* Repository */,
				380BFDBA2B80F6B50066425D /* UseCase */,
			);
			path = Domain;
			sourceTree = "<group>";
		};
		380BFDB82B80F69B0066425D /* Entity */ = {
			isa = PBXGroup;
			children = (
			);
			path = Entity;
			sourceTree = "<group>";
		};
		380BFDB92B80F6A50066425D /* Repository */ = {
			isa = PBXGroup;
			children = (
			);
			path = Repository;
			sourceTree = "<group>";
		};
		380BFDBA2B80F6B50066425D /* UseCase */ = {
			isa = PBXGroup;
			children = (
			);
			path = UseCase;
			sourceTree = "<group>";
		};
		380BFDBB2B80F6CA0066425D /* Data */ = {
			isa = PBXGroup;
			children = (
				380BFDBC2B80F6E10066425D /* DataSource */,
				380BFDBF2B80F70D0066425D /* Repository */,
			);
			path = Data;
			sourceTree = "<group>";
		};
		380BFDBC2B80F6E10066425D /* DataSource */ = {
			isa = PBXGroup;
			children = (
				380BFDBD2B80F6ED0066425D /* Api */,
			);
			path = DataSource;
			sourceTree = "<group>";
		};
		380BFDBD2B80F6ED0066425D /* Api */ = {
			isa = PBXGroup;
			children = (
				380BFDBE2B80F6FA0066425D /* Model */,
			);
			path = Api;
			sourceTree = "<group>";
		};
		380BFDBE2B80F6FA0066425D /* Model */ = {
			isa = PBXGroup;
			children = (
			);
			path = Model;
			sourceTree = "<group>";
		};
		380BFDBF2B80F70D0066425D /* Repository */ = {
			isa = PBXGroup;
			children = (
			);
			path = Repository;
			sourceTree = "<group>";
		};
		380BFDC02B80F7460066425D /* Core */ = {
			isa = PBXGroup;
			children = (
				380BFDC12B80F74D0066425D /* DI */,
				380BFDC22B80F7540066425D /* Error */,
			);
			path = Core;
			sourceTree = "<group>";
		};
		380BFDC12B80F74D0066425D /* DI */ = {
			isa = PBXGroup;
			children = (
			);
			path = DI;
			sourceTree = "<group>";
		};
		380BFDC22B80F7540066425D /* Error */ = {
			isa = PBXGroup;
			children = (
			);
			path = Error;
			sourceTree = "<group>";
		};
/* End PBXGroup section */

/* Begin PBXNativeTarget section */
		380BFD862B80F2AF0066425D /* Coins */ = {
			isa = PBXNativeTarget;
			buildConfigurationList = 380BFDAB2B80F2B00066425D /* Build configuration list for PBXNativeTarget "Coins" */;
			buildPhases = (
				380BFD832B80F2AF0066425D /* Sources */,
				380BFD842B80F2AF0066425D /* Frameworks */,
				380BFD852B80F2AF0066425D /* Resources */,
			);
			buildRules = (
			);
			dependencies = (
			);
			name = Coins;
			productName = Coins;
			productReference = 380BFD872B80F2AF0066425D /* Coins.app */;
			productType = "com.apple.product-type.application";
		};
		380BFD962B80F2B00066425D /* CoinsTests */ = {
			isa = PBXNativeTarget;
			buildConfigurationList = 380BFDAE2B80F2B00066425D /* Build configuration list for PBXNativeTarget "CoinsTests" */;
			buildPhases = (
				380BFD932B80F2B00066425D /* Sources */,
				380BFD942B80F2B00066425D /* Frameworks */,
				380BFD952B80F2B00066425D /* Resources */,
			);
			buildRules = (
			);
			dependencies = (
				380BFD992B80F2B00066425D /* PBXTargetDependency */,
			);
			name = CoinsTests;
			productName = CoinsTests;
			productReference = 380BFD972B80F2B00066425D /* CoinsTests.xctest */;
			productType = "com.apple.product-type.bundle.unit-test";
		};
		380BFDA02B80F2B00066425D /* CoinsUITests */ = {
			isa = PBXNativeTarget;
			buildConfigurationList = 380BFDB12B80F2B00066425D /* Build configuration list for PBXNativeTarget "CoinsUITests" */;
			buildPhases = (
				380BFD9D2B80F2B00066425D /* Sources */,
				380BFD9E2B80F2B00066425D /* Frameworks */,
				380BFD9F2B80F2B00066425D /* Resources */,
			);
			buildRules = (
			);
			dependencies = (
				380BFDA32B80F2B00066425D /* PBXTargetDependency */,
			);
			name = CoinsUITests;
			productName = CoinsUITests;
			productReference = 380BFDA12B80F2B00066425D /* CoinsUITests.xctest */;
			productType = "com.apple.product-type.bundle.ui-testing";
		};
/* End PBXNativeTarget section */

/* Begin PBXProject section */
		380BFD7F2B80F2AF0066425D /* Project object */ = {
			isa = PBXProject;
			attributes = {
				BuildIndependentTargetsInParallel = 1;
				LastSwiftUpdateCheck = 1520;
				LastUpgradeCheck = 1520;
				TargetAttributes = {
					380BFD862B80F2AF0066425D = {
						CreatedOnToolsVersion = 15.2;
					};
					380BFD962B80F2B00066425D = {
						CreatedOnToolsVersion = 15.2;
						TestTargetID = 380BFD862B80F2AF0066425D;
					};
					380BFDA02B80F2B00066425D = {
						CreatedOnToolsVersion = 15.2;
						TestTargetID = 380BFD862B80F2AF0066425D;
					};
				};
			};
			buildConfigurationList = 380BFD822B80F2AF0066425D /* Build configuration list for PBXProject "Coins" */;
			compatibilityVersion = "Xcode 14.0";
			developmentRegion = en;
			hasScannedForEncodings = 0;
			knownRegions = (
				en,
				Base,
			);
			mainGroup = 380BFD7E2B80F2AF0066425D;
			productRefGroup = 380BFD882B80F2AF0066425D /* Products */;
			projectDirPath = "";
			projectRoot = "";
			targets = (
				380BFD862B80F2AF0066425D /* Coins */,
				380BFD962B80F2B00066425D /* CoinsTests */,
				380BFDA02B80F2B00066425D /* CoinsUITests */,
			);
		};
/* End PBXProject section */

/* Begin PBXResourcesBuildPhase section */
		380BFD852B80F2AF0066425D /* Resources */ = {
			isa = PBXResourcesBuildPhase;
			buildActionMask = 2147483647;
			files = (
				380BFD922B80F2B00066425D /* Preview Assets.xcassets in Resources */,
				380BFD8F2B80F2B00066425D /* Assets.xcassets in Resources */,
			);
			runOnlyForDeploymentPostprocessing = 0;
		};
		380BFD952B80F2B00066425D /* Resources */ = {
			isa = PBXResourcesBuildPhase;
			buildActionMask = 2147483647;
			files = (
			);
			runOnlyForDeploymentPostprocessing = 0;
		};
		380BFD9F2B80F2B00066425D /* Resources */ = {
			isa = PBXResourcesBuildPhase;
			buildActionMask = 2147483647;
			files = (
			);
			runOnlyForDeploymentPostprocessing = 0;
		};
/* End PBXResourcesBuildPhase section */

/* Begin PBXSourcesBuildPhase section */
		380BFD832B80F2AF0066425D /* Sources */ = {
			isa = PBXSourcesBuildPhase;
			buildActionMask = 2147483647;
			files = (
				380BFD8D2B80F2AF0066425D /* OverviewView.swift in Sources */,
				380BFD8B2B80F2AF0066425D /* CoinsApp.swift in Sources */,
			);
			runOnlyForDeploymentPostprocessing = 0;
		};
		380BFD932B80F2B00066425D /* Sources */ = {
			isa = PBXSourcesBuildPhase;
			buildActionMask = 2147483647;
			files = (
				380BFD9C2B80F2B00066425D /* CoinsTests.swift in Sources */,
			);
			runOnlyForDeploymentPostprocessing = 0;
		};
		380BFD9D2B80F2B00066425D /* Sources */ = {
			isa = PBXSourcesBuildPhase;
			buildActionMask = 2147483647;
			files = (
				380BFDA62B80F2B00066425D /* CoinsUITests.swift in Sources */,
				380BFDA82B80F2B00066425D /* CoinsUITestsLaunchTests.swift in Sources */,
			);
			runOnlyForDeploymentPostprocessing = 0;
		};
/* End PBXSourcesBuildPhase section */

/* Begin PBXTargetDependency section */
		380BFD992B80F2B00066425D /* PBXTargetDependency */ = {
			isa = PBXTargetDependency;
			target = 380BFD862B80F2AF0066425D /* Coins */;
			targetProxy = 380BFD982B80F2B00066425D /* PBXContainerItemProxy */;
		};
		380BFDA32B80F2B00066425D /* PBXTargetDependency */ = {
			isa = PBXTargetDependency;
			target = 380BFD862B80F2AF0066425D /* Coins */;
			targetProxy = 380BFDA22B80F2B00066425D /* PBXContainerItemProxy */;
		};
/* End PBXTargetDependency section */

/* Begin XCBuildConfiguration section */
		380BFDA92B80F2B00066425D /* Debug */ = {
			isa = XCBuildConfiguration;
			buildSettings = {
				ALWAYS_SEARCH_USER_PATHS = NO;
				ASSETCATALOG_COMPILER_GENERATE_SWIFT_ASSET_SYMBOL_EXTENSIONS = YES;
				CLANG_ANALYZER_NONNULL = YES;
				CLANG_ANALYZER_NUMBER_OBJECT_CONVERSION = YES_AGGRESSIVE;
				CLANG_CXX_LANGUAGE_STANDARD = "gnu++20";
				CLANG_ENABLE_MODULES = YES;
				CLANG_ENABLE_OBJC_ARC = YES;
				CLANG_ENABLE_OBJC_WEAK = YES;
				CLANG_WARN_BLOCK_CAPTURE_AUTORELEASING = YES;
				CLANG_WARN_BOOL_CONVERSION = YES;
				CLANG_WARN_COMMA = YES;
				CLANG_WARN_CONSTANT_CONVERSION = YES;
				CLANG_WARN_DEPRECATED_OBJC_IMPLEMENTATIONS = YES;
				CLANG_WARN_DIRECT_OBJC_ISA_USAGE = YES_ERROR;
				CLANG_WARN_DOCUMENTATION_COMMENTS = YES;
				CLANG_WARN_EMPTY_BODY = YES;
				CLANG_WARN_ENUM_CONVERSION = YES;
				CLANG_WARN_INFINITE_RECURSION = YES;
				CLANG_WARN_INT_CONVERSION = YES;
				CLANG_WARN_NON_LITERAL_NULL_CONVERSION = YES;
				CLANG_WARN_OBJC_IMPLICIT_RETAIN_SELF = YES;
				CLANG_WARN_OBJC_LITERAL_CONVERSION = YES;
				CLANG_WARN_OBJC_ROOT_CLASS = YES_ERROR;
				CLANG_WARN_QUOTED_INCLUDE_IN_FRAMEWORK_HEADER = YES;
				CLANG_WARN_RANGE_LOOP_ANALYSIS = YES;
				CLANG_WARN_STRICT_PROTOTYPES = YES;
				CLANG_WARN_SUSPICIOUS_MOVE = YES;
				CLANG_WARN_UNGUARDED_AVAILABILITY = YES_AGGRESSIVE;
				CLANG_WARN_UNREACHABLE_CODE = YES;
				CLANG_WARN__DUPLICATE_METHOD_MATCH = YES;
				COPY_PHASE_STRIP = NO;
				DEBUG_INFORMATION_FORMAT = dwarf;
				ENABLE_STRICT_OBJC_MSGSEND = YES;
				ENABLE_TESTABILITY = YES;
				ENABLE_USER_SCRIPT_SANDBOXING = YES;
				GCC_C_LANGUAGE_STANDARD = gnu17;
				GCC_DYNAMIC_NO_PIC = NO;
				GCC_NO_COMMON_BLOCKS = YES;
				GCC_OPTIMIZATION_LEVEL = 0;
				GCC_PREPROCESSOR_DEFINITIONS = (
					"DEBUG=1",
					"$(inherited)",
				);
				GCC_WARN_64_TO_32_BIT_CONVERSION = YES;
				GCC_WARN_ABOUT_RETURN_TYPE = YES_ERROR;
				GCC_WARN_UNDECLARED_SELECTOR = YES;
				GCC_WARN_UNINITIALIZED_AUTOS = YES_AGGRESSIVE;
				GCC_WARN_UNUSED_FUNCTION = YES;
				GCC_WARN_UNUSED_VARIABLE = YES;
				IPHONEOS_DEPLOYMENT_TARGET = 17.2;
				LOCALIZATION_PREFERS_STRING_CATALOGS = YES;
				MTL_ENABLE_DEBUG_INFO = INCLUDE_SOURCE;
				MTL_FAST_MATH = YES;
				ONLY_ACTIVE_ARCH = YES;
				SDKROOT = iphoneos;
				SWIFT_ACTIVE_COMPILATION_CONDITIONS = "DEBUG $(inherited)";
				SWIFT_OPTIMIZATION_LEVEL = "-Onone";
			};
			name = Debug;
		};
		380BFDAA2B80F2B00066425D /* Release */ = {
			isa = XCBuildConfiguration;
			buildSettings = {
				ALWAYS_SEARCH_USER_PATHS = NO;
				ASSETCATALOG_COMPILER_GENERATE_SWIFT_ASSET_SYMBOL_EXTENSIONS = YES;
				CLANG_ANALYZER_NONNULL = YES;
				CLANG_ANALYZER_NUMBER_OBJECT_CONVERSION = YES_AGGRESSIVE;
				CLANG_CXX_LANGUAGE_STANDARD = "gnu++20";
				CLANG_ENABLE_MODULES = YES;
				CLANG_ENABLE_OBJC_ARC = YES;
				CLANG_ENABLE_OBJC_WEAK = YES;
				CLANG_WARN_BLOCK_CAPTURE_AUTORELEASING = YES;
				CLANG_WARN_BOOL_CONVERSION = YES;
				CLANG_WARN_COMMA = YES;
				CLANG_WARN_CONSTANT_CONVERSION = YES;
				CLANG_WARN_DEPRECATED_OBJC_IMPLEMENTATIONS = YES;
				CLANG_WARN_DIRECT_OBJC_ISA_USAGE = YES_ERROR;
				CLANG_WARN_DOCUMENTATION_COMMENTS = YES;
				CLANG_WARN_EMPTY_BODY = YES;
				CLANG_WARN_ENUM_CONVERSION = YES;
				CLANG_WARN_INFINITE_RECURSION = YES;
				CLANG_WARN_INT_CONVERSION = YES;
				CLANG_WARN_NON_LITERAL_NULL_CONVERSION = YES;
				CLANG_WARN_OBJC_IMPLICIT_RETAIN_SELF = YES;
				CLANG_WARN_OBJC_LITERAL_CONVERSION = YES;
				CLANG_WARN_OBJC_ROOT_CLASS = YES_ERROR;
				CLANG_WARN_QUOTED_INCLUDE_IN_FRAMEWORK_HEADER = YES;
				CLANG_WARN_RANGE_LOOP_ANALYSIS = YES;
				CLANG_WARN_STRICT_PROTOTYPES = YES;
				CLANG_WARN_SUSPICIOUS_MOVE = YES;
				CLANG_WARN_UNGUARDED_AVAILABILITY = YES_AGGRESSIVE;
				CLANG_WARN_UNREACHABLE_CODE = YES;
				CLANG_WARN__DUPLICATE_METHOD_MATCH = YES;
				COPY_PHASE_STRIP = NO;
				DEBUG_INFORMATION_FORMAT = "dwarf-with-dsym";
				ENABLE_NS_ASSERTIONS = NO;
				ENABLE_STRICT_OBJC_MSGSEND = YES;
				ENABLE_USER_SCRIPT_SANDBOXING = YES;
				GCC_C_LANGUAGE_STANDARD = gnu17;
				GCC_NO_COMMON_BLOCKS = YES;
				GCC_WARN_64_TO_32_BIT_CONVERSION = YES;
				GCC_WARN_ABOUT_RETURN_TYPE = YES_ERROR;
				GCC_WARN_UNDECLARED_SELECTOR = YES;
				GCC_WARN_UNINITIALIZED_AUTOS = YES_AGGRESSIVE;
				GCC_WARN_UNUSED_FUNCTION = YES;
				GCC_WARN_UNUSED_VARIABLE = YES;
				IPHONEOS_DEPLOYMENT_TARGET = 17.2;
				LOCALIZATION_PREFERS_STRING_CATALOGS = YES;
				MTL_ENABLE_DEBUG_INFO = NO;
				MTL_FAST_MATH = YES;
				SDKROOT = iphoneos;
				SWIFT_COMPILATION_MODE = wholemodule;
				VALIDATE_PRODUCT = YES;
			};
			name = Release;
		};
		380BFDAC2B80F2B00066425D /* Debug */ = {
			isa = XCBuildConfiguration;
			buildSettings = {
				ASSETCATALOG_COMPILER_APPICON_NAME = AppIcon;
				ASSETCATALOG_COMPILER_GLOBAL_ACCENT_COLOR_NAME = AccentColor;
				CODE_SIGN_STYLE = Automatic;
				CURRENT_PROJECT_VERSION = 1;
				DEVELOPMENT_ASSET_PATHS = "\"Coins/Preview Content\"";
				DEVELOPMENT_TEAM = 8VWM8F499A;
				ENABLE_PREVIEWS = YES;
				GENERATE_INFOPLIST_FILE = YES;
				INFOPLIST_KEY_UIApplicationSceneManifest_Generation = YES;
				INFOPLIST_KEY_UIApplicationSupportsIndirectInputEvents = YES;
				INFOPLIST_KEY_UILaunchScreen_Generation = YES;
				INFOPLIST_KEY_UISupportedInterfaceOrientations_iPad = "UIInterfaceOrientationPortrait UIInterfaceOrientationPortraitUpsideDown UIInterfaceOrientationLandscapeLeft UIInterfaceOrientationLandscapeRight";
				INFOPLIST_KEY_UISupportedInterfaceOrientations_iPhone = "UIInterfaceOrientationPortrait UIInterfaceOrientationLandscapeLeft UIInterfaceOrientationLandscapeRight";
				LD_RUNPATH_SEARCH_PATHS = (
					"$(inherited)",
					"@executable_path/Frameworks",
				);
				MARKETING_VERSION = 1.0;
				PRODUCT_BUNDLE_IDENTIFIER = com.danielnovak.Coins;
				PRODUCT_NAME = "$(TARGET_NAME)";
				SWIFT_EMIT_LOC_STRINGS = YES;
				SWIFT_VERSION = 5.0;
				TARGETED_DEVICE_FAMILY = "1,2";
			};
			name = Debug;
		};
		380BFDAD2B80F2B00066425D /* Release */ = {
			isa = XCBuildConfiguration;
			buildSettings = {
				ASSETCATALOG_COMPILER_APPICON_NAME = AppIcon;
				ASSETCATALOG_COMPILER_GLOBAL_ACCENT_COLOR_NAME = AccentColor;
				CODE_SIGN_STYLE = Automatic;
				CURRENT_PROJECT_VERSION = 1;
				DEVELOPMENT_ASSET_PATHS = "\"Coins/Preview Content\"";
				DEVELOPMENT_TEAM = 8VWM8F499A;
				ENABLE_PREVIEWS = YES;
				GENERATE_INFOPLIST_FILE = YES;
				INFOPLIST_KEY_UIApplicationSceneManifest_Generation = YES;
				INFOPLIST_KEY_UIApplicationSupportsIndirectInputEvents = YES;
				INFOPLIST_KEY_UILaunchScreen_Generation = YES;
				INFOPLIST_KEY_UISupportedInterfaceOrientations_iPad = "UIInterfaceOrientationPortrait UIInterfaceOrientationPortraitUpsideDown UIInterfaceOrientationLandscapeLeft UIInterfaceOrientationLandscapeRight";
				INFOPLIST_KEY_UISupportedInterfaceOrientations_iPhone = "UIInterfaceOrientationPortrait UIInterfaceOrientationLandscapeLeft UIInterfaceOrientationLandscapeRight";
				LD_RUNPATH_SEARCH_PATHS = (
					"$(inherited)",
					"@executable_path/Frameworks",
				);
				MARKETING_VERSION = 1.0;
				PRODUCT_BUNDLE_IDENTIFIER = com.danielnovak.Coins;
				PRODUCT_NAME = "$(TARGET_NAME)";
				SWIFT_EMIT_LOC_STRINGS = YES;
				SWIFT_VERSION = 5.0;
				TARGETED_DEVICE_FAMILY = "1,2";
			};
			name = Release;
		};
		380BFDAF2B80F2B00066425D /* Debug */ = {
			isa = XCBuildConfiguration;
			buildSettings = {
				ALWAYS_EMBED_SWIFT_STANDARD_LIBRARIES = YES;
				BUNDLE_LOADER = "$(TEST_HOST)";
				CODE_SIGN_STYLE = Automatic;
				CURRENT_PROJECT_VERSION = 1;
				DEVELOPMENT_TEAM = 8VWM8F499A;
				GENERATE_INFOPLIST_FILE = YES;
				IPHONEOS_DEPLOYMENT_TARGET = 17.2;
				MARKETING_VERSION = 1.0;
				PRODUCT_BUNDLE_IDENTIFIER = com.danielnovak.CoinsTests;
				PRODUCT_NAME = "$(TARGET_NAME)";
				SWIFT_EMIT_LOC_STRINGS = NO;
				SWIFT_VERSION = 5.0;
				TARGETED_DEVICE_FAMILY = "1,2";
				TEST_HOST = "$(BUILT_PRODUCTS_DIR)/Coins.app/$(BUNDLE_EXECUTABLE_FOLDER_PATH)/Coins";
			};
			name = Debug;
		};
		380BFDB02B80F2B00066425D /* Release */ = {
			isa = XCBuildConfiguration;
			buildSettings = {
				ALWAYS_EMBED_SWIFT_STANDARD_LIBRARIES = YES;
				BUNDLE_LOADER = "$(TEST_HOST)";
				CODE_SIGN_STYLE = Automatic;
				CURRENT_PROJECT_VERSION = 1;
				DEVELOPMENT_TEAM = 8VWM8F499A;
				GENERATE_INFOPLIST_FILE = YES;
				IPHONEOS_DEPLOYMENT_TARGET = 17.2;
				MARKETING_VERSION = 1.0;
				PRODUCT_BUNDLE_IDENTIFIER = com.danielnovak.CoinsTests;
				PRODUCT_NAME = "$(TARGET_NAME)";
				SWIFT_EMIT_LOC_STRINGS = NO;
				SWIFT_VERSION = 5.0;
				TARGETED_DEVICE_FAMILY = "1,2";
				TEST_HOST = "$(BUILT_PRODUCTS_DIR)/Coins.app/$(BUNDLE_EXECUTABLE_FOLDER_PATH)/Coins";
			};
			name = Release;
		};
		380BFDB22B80F2B00066425D /* Debug */ = {
			isa = XCBuildConfiguration;
			buildSettings = {
				ALWAYS_EMBED_SWIFT_STANDARD_LIBRARIES = YES;
				CODE_SIGN_STYLE = Automatic;
				CURRENT_PROJECT_VERSION = 1;
				DEVELOPMENT_TEAM = 8VWM8F499A;
				GENERATE_INFOPLIST_FILE = YES;
				MARKETING_VERSION = 1.0;
				PRODUCT_BUNDLE_IDENTIFIER = com.danielnovak.CoinsUITests;
				PRODUCT_NAME = "$(TARGET_NAME)";
				SWIFT_EMIT_LOC_STRINGS = NO;
				SWIFT_VERSION = 5.0;
				TARGETED_DEVICE_FAMILY = "1,2";
				TEST_TARGET_NAME = Coins;
			};
			name = Debug;
		};
		380BFDB32B80F2B00066425D /* Release */ = {
			isa = XCBuildConfiguration;
			buildSettings = {
				ALWAYS_EMBED_SWIFT_STANDARD_LIBRARIES = YES;
				CODE_SIGN_STYLE = Automatic;
				CURRENT_PROJECT_VERSION = 1;
				DEVELOPMENT_TEAM = 8VWM8F499A;
				GENERATE_INFOPLIST_FILE = YES;
				MARKETING_VERSION = 1.0;
				PRODUCT_BUNDLE_IDENTIFIER = com.danielnovak.CoinsUITests;
				PRODUCT_NAME = "$(TARGET_NAME)";
				SWIFT_EMIT_LOC_STRINGS = NO;
				SWIFT_VERSION = 5.0;
				TARGETED_DEVICE_FAMILY = "1,2";
				TEST_TARGET_NAME = Coins;
			};
			name = Release;
		};
/* End XCBuildConfiguration section */

/* Begin XCConfigurationList section */
		380BFD822B80F2AF0066425D /* Build configuration list for PBXProject "Coins" */ = {
			isa = XCConfigurationList;
			buildConfigurations = (
				380BFDA92B80F2B00066425D /* Debug */,
				380BFDAA2B80F2B00066425D /* Release */,
			);
			defaultConfigurationIsVisible = 0;
			defaultConfigurationName = Release;
		};
		380BFDAB2B80F2B00066425D /* Build configuration list for PBXNativeTarget "Coins" */ = {
			isa = XCConfigurationList;
			buildConfigurations = (
				380BFDAC2B80F2B00066425D /* Debug */,
				380BFDAD2B80F2B00066425D /* Release */,
			);
			defaultConfigurationIsVisible = 0;
			defaultConfigurationName = Release;
		};
		380BFDAE2B80F2B00066425D /* Build configuration list for PBXNativeTarget "CoinsTests" */ = {
			isa = XCConfigurationList;
			buildConfigurations = (
				380BFDAF2B80F2B00066425D /* Debug */,
				380BFDB02B80F2B00066425D /* Release */,
			);
			defaultConfigurationIsVisible = 0;
			defaultConfigurationName = Release;
		};
		380BFDB12B80F2B00066425D /* Build configuration list for PBXNativeTarget "CoinsUITests" */ = {
			isa = XCConfigurationList;
			buildConfigurations = (
				380BFDB22B80F2B00066425D /* Debug */,
				380BFDB32B80F2B00066425D /* Release */,
			);
			defaultConfigurationIsVisible = 0;
			defaultConfigurationName = Release;
		};
/* End XCConfigurationList section */
	};
	rootObject = 380BFD7F2B80F2AF0066425D /* Project object */;
}
