// !$*UTF8*$!
{
	archiveVersion = 1;
	classes = {
	};
	objectVersion = 56;
	objects = {

/* Begin PBXBuildFile section */
		3803BF132B853AE800DA340D /* CurrencyWrapper.swift in Sources */ = {isa = PBXBuildFile; fileRef = 3803BF122B853AE800DA340D /* CurrencyWrapper.swift */; };
		3803BF172B854AE800DA340D /* GetCurrencyUseCase.swift in Sources */ = {isa = PBXBuildFile; fileRef = 3803BF162B854AE800DA340D /* GetCurrencyUseCase.swift */; };
		3803BF1C2B85615600DA340D /* GetCurrencyDetailsResponse.json in Resources */ = {isa = PBXBuildFile; fileRef = 3803BF1B2B85615600DA340D /* GetCurrencyDetailsResponse.json */; };
		3803BF1E2B85624B00DA340D /* GetCurrencyDetailsErrorResponse.json in Resources */ = {isa = PBXBuildFile; fileRef = 3803BF1D2B85624B00DA340D /* GetCurrencyDetailsErrorResponse.json */; };
		3803BF202B8562A200DA340D /* GetCurrencyDetailsIncorrectResponse.json in Resources */ = {isa = PBXBuildFile; fileRef = 3803BF1F2B8562A200DA340D /* GetCurrencyDetailsIncorrectResponse.json */; };
		3803BF222B85670300DA340D /* GetCurrencyDetailsUseCaseImplementationTests.swift in Sources */ = {isa = PBXBuildFile; fileRef = 3803BF212B85670300DA340D /* GetCurrencyDetailsUseCaseImplementationTests.swift */; };
		3803BF242B856A0300DA340D /* GetCurrenciesInvalidDataResponse.json in Resources */ = {isa = PBXBuildFile; fileRef = 3803BF232B856A0300DA340D /* GetCurrenciesInvalidDataResponse.json */; };
		3803BF262B856B0200DA340D /* GetCurrencyDetailsInvalidDataResponse.json in Resources */ = {isa = PBXBuildFile; fileRef = 3803BF252B856B0200DA340D /* GetCurrencyDetailsInvalidDataResponse.json */; };
		380A08A72B828F48007828C6 /* OverviewViewModel.swift in Sources */ = {isa = PBXBuildFile; fileRef = 380A08A62B828F48007828C6 /* OverviewViewModel.swift */; };
		380A08A92B82A589007828C6 /* OverviewViewModelTests.swift in Sources */ = {isa = PBXBuildFile; fileRef = 380A08A82B82A589007828C6 /* OverviewViewModelTests.swift */; };
		380A08AB2B82AE20007828C6 /* CurrencyView.swift in Sources */ = {isa = PBXBuildFile; fileRef = 380A08AA2B82AE20007828C6 /* CurrencyView.swift */; };
		380A08AD2B82AEA6007828C6 /* PreviewCurrencies.swift in Sources */ = {isa = PBXBuildFile; fileRef = 380A08AC2B82AEA6007828C6 /* PreviewCurrencies.swift */; };
		380A08AF2B82AF9E007828C6 /* PreviewOverviewViewModel.swift in Sources */ = {isa = PBXBuildFile; fileRef = 380A08AE2B82AF9E007828C6 /* PreviewOverviewViewModel.swift */; };
		380A08B12B82C679007828C6 /* CircleAsyncImage.swift in Sources */ = {isa = PBXBuildFile; fileRef = 380A08B02B82C679007828C6 /* CircleAsyncImage.swift */; };
		380BFD8B2B80F2AF0066425D /* CoinsApp.swift in Sources */ = {isa = PBXBuildFile; fileRef = 380BFD8A2B80F2AF0066425D /* CoinsApp.swift */; };
		380BFD8D2B80F2AF0066425D /* OverviewView.swift in Sources */ = {isa = PBXBuildFile; fileRef = 380BFD8C2B80F2AF0066425D /* OverviewView.swift */; };
		380BFD8F2B80F2B00066425D /* Assets.xcassets in Resources */ = {isa = PBXBuildFile; fileRef = 380BFD8E2B80F2B00066425D /* Assets.xcassets */; };
		380BFD922B80F2B00066425D /* Preview Assets.xcassets in Resources */ = {isa = PBXBuildFile; fileRef = 380BFD912B80F2B00066425D /* Preview Assets.xcassets */; };
		380BFD9C2B80F2B00066425D /* RequestBuilderImplementationTests.swift in Sources */ = {isa = PBXBuildFile; fileRef = 380BFD9B2B80F2B00066425D /* RequestBuilderImplementationTests.swift */; };
		380BFDA62B80F2B00066425D /* CoinsUITests.swift in Sources */ = {isa = PBXBuildFile; fileRef = 380BFDA52B80F2B00066425D /* CoinsUITests.swift */; };
		380BFDA82B80F2B00066425D /* CoinsUITestsLaunchTests.swift in Sources */ = {isa = PBXBuildFile; fileRef = 380BFDA72B80F2B00066425D /* CoinsUITestsLaunchTests.swift */; };
		380BFDC42B8100880066425D /* Currency.swift in Sources */ = {isa = PBXBuildFile; fileRef = 380BFDC32B8100880066425D /* Currency.swift */; };
		380BFDC62B8101CE0066425D /* CurrenciesWrapper.swift in Sources */ = {isa = PBXBuildFile; fileRef = 380BFDC52B8101CE0066425D /* CurrenciesWrapper.swift */; };
		380BFDC82B8102FF0066425D /* RequestBuilder.swift in Sources */ = {isa = PBXBuildFile; fileRef = 380BFDC72B8102FF0066425D /* RequestBuilder.swift */; };
		380BFDCA2B8104C40066425D /* RequestBuilderImplementation.swift in Sources */ = {isa = PBXBuildFile; fileRef = 380BFDC92B8104C40066425D /* RequestBuilderImplementation.swift */; };
		380BFDCC2B81059C0066425D /* ApiError.swift in Sources */ = {isa = PBXBuildFile; fileRef = 380BFDCB2B81059C0066425D /* ApiError.swift */; };
		380BFDCE2B81070A0066425D /* ApiDataSource.swift in Sources */ = {isa = PBXBuildFile; fileRef = 380BFDCD2B81070A0066425D /* ApiDataSource.swift */; };
		380BFDD02B8108BD0066425D /* ApiDataSourceImplementation.swift in Sources */ = {isa = PBXBuildFile; fileRef = 380BFDCF2B8108BD0066425D /* ApiDataSourceImplementation.swift */; };
		380BFDD22B810EB40066425D /* CurrencyEntity.swift in Sources */ = {isa = PBXBuildFile; fileRef = 380BFDD12B810EB40066425D /* CurrencyEntity.swift */; };
		380BFDD42B8112070066425D /* Repository.swift in Sources */ = {isa = PBXBuildFile; fileRef = 380BFDD32B8112070066425D /* Repository.swift */; };
		380BFDD62B8112960066425D /* RepositoryImplementation.swift in Sources */ = {isa = PBXBuildFile; fileRef = 380BFDD52B8112960066425D /* RepositoryImplementation.swift */; };
		380BFDD82B816A660066425D /* GetCurrenciesUseCase.swift in Sources */ = {isa = PBXBuildFile; fileRef = 380BFDD72B816A660066425D /* GetCurrenciesUseCase.swift */; };
		380BFDDA2B816C910066425D /* Container.swift in Sources */ = {isa = PBXBuildFile; fileRef = 380BFDD92B816C910066425D /* Container.swift */; };
		380BFDDC2B816CCA0066425D /* Container+Data.swift in Sources */ = {isa = PBXBuildFile; fileRef = 380BFDDB2B816CCA0066425D /* Container+Data.swift */; };
		380BFDDE2B816CF90066425D /* Container+Domain.swift in Sources */ = {isa = PBXBuildFile; fileRef = 380BFDDD2B816CF90066425D /* Container+Domain.swift */; };
		380BFDE02B816D7D0066425D /* Resolver.swift in Sources */ = {isa = PBXBuildFile; fileRef = 380BFDDF2B816D7D0066425D /* Resolver.swift */; };
		380BFDE32B816E830066425D /* MockURLProtocol.swift in Sources */ = {isa = PBXBuildFile; fileRef = 380BFDE22B816E830066425D /* MockURLProtocol.swift */; };
		380BFDE52B816EDB0066425D /* MockResponseProvider.swift in Sources */ = {isa = PBXBuildFile; fileRef = 380BFDE42B816EDB0066425D /* MockResponseProvider.swift */; };
		380BFDE72B816F510066425D /* Container+Mock.swift in Sources */ = {isa = PBXBuildFile; fileRef = 380BFDE62B816F510066425D /* Container+Mock.swift */; };
		380BFDE92B8170330066425D /* MockResolver.swift in Sources */ = {isa = PBXBuildFile; fileRef = 380BFDE82B8170330066425D /* MockResolver.swift */; };
		380BFDEE2B8171F60066425D /* GetCurrenciesResponse.json in Resources */ = {isa = PBXBuildFile; fileRef = 380BFDED2B8171F60066425D /* GetCurrenciesResponse.json */; };
		380BFDF02B8173930066425D /* GetCurrenciesErrorResponse.json in Resources */ = {isa = PBXBuildFile; fileRef = 380BFDEF2B8173930066425D /* GetCurrenciesErrorResponse.json */; };
		380BFDF42B8174290066425D /* GetCurrenciesIncorrectResponse.json in Resources */ = {isa = PBXBuildFile; fileRef = 380BFDF32B8174290066425D /* GetCurrenciesIncorrectResponse.json */; };
		380BFDF72B8179120066425D /* ApiDataSourceImplementationTests.swift in Sources */ = {isa = PBXBuildFile; fileRef = 380BFDF62B8179120066425D /* ApiDataSourceImplementationTests.swift */; };
		380BFDF92B817A210066425D /* RepositoryImplementationTests.swift in Sources */ = {isa = PBXBuildFile; fileRef = 380BFDF82B817A210066425D /* RepositoryImplementationTests.swift */; };
		380BFDFB2B817AC60066425D /* GetCurrenciesUseCaseImplementationTests.swift in Sources */ = {isa = PBXBuildFile; fileRef = 380BFDFA2B817AC60066425D /* GetCurrenciesUseCaseImplementationTests.swift */; };
		38721E922B86401F008F2698 /* DetailsViewModel.swift in Sources */ = {isa = PBXBuildFile; fileRef = 38721E912B86401F008F2698 /* DetailsViewModel.swift */; };
		38721E942B864C62008F2698 /* DetailsViewModelTests.swift in Sources */ = {isa = PBXBuildFile; fileRef = 38721E932B864C62008F2698 /* DetailsViewModelTests.swift */; };
		38721E962B865A88008F2698 /* BackgroundView.swift in Sources */ = {isa = PBXBuildFile; fileRef = 38721E952B865A88008F2698 /* BackgroundView.swift */; };
		38721E982B865E1A008F2698 /* ChangePercentView.swift in Sources */ = {isa = PBXBuildFile; fileRef = 38721E972B865E1A008F2698 /* ChangePercentView.swift */; };
		38721E9A2B8661A7008F2698 /* HeadlineAmountView.swift in Sources */ = {isa = PBXBuildFile; fileRef = 38721E992B8661A7008F2698 /* HeadlineAmountView.swift */; };
		38721E9C2B866284008F2698 /* AmountView.swift in Sources */ = {isa = PBXBuildFile; fileRef = 38721E9B2B866284008F2698 /* AmountView.swift */; };
		38721E9E2B868039008F2698 /* DetailsView.swift in Sources */ = {isa = PBXBuildFile; fileRef = 38721E9D2B868039008F2698 /* DetailsView.swift */; };
		38721EA02B8680D4008F2698 /* PreviewDetailsViewModel.swift in Sources */ = {isa = PBXBuildFile; fileRef = 38721E9F2B8680D4008F2698 /* PreviewDetailsViewModel.swift */; };
		38E79E3F2B833E53004D00F2 /* Poppins-Regular.ttf in Resources */ = {isa = PBXBuildFile; fileRef = 38E79E2D2B833E52004D00F2 /* Poppins-Regular.ttf */; };
		38E79E462B833E53004D00F2 /* Poppins-Bold.ttf in Resources */ = {isa = PBXBuildFile; fileRef = 38E79E342B833E53004D00F2 /* Poppins-Bold.ttf */; };
		38E79E522B836570004D00F2 /* Font+Extension.swift in Sources */ = {isa = PBXBuildFile; fileRef = 38E79E512B836570004D00F2 /* Font+Extension.swift */; };
		38E79E542B83A227004D00F2 /* RepositoryError.swift in Sources */ = {isa = PBXBuildFile; fileRef = 38E79E532B83A227004D00F2 /* RepositoryError.swift */; };
		38E79E562B83A295004D00F2 /* AppError.swift in Sources */ = {isa = PBXBuildFile; fileRef = 38E79E552B83A295004D00F2 /* AppError.swift */; };
		38E79E592B83C2E2004D00F2 /* Double+Extension.swift in Sources */ = {isa = PBXBuildFile; fileRef = 38E79E582B83C2E2004D00F2 /* Double+Extension.swift */; };
/* End PBXBuildFile section */

/* Begin PBXContainerItemProxy section */
		380BFD982B80F2B00066425D /* PBXContainerItemProxy */ = {
			isa = PBXContainerItemProxy;
			containerPortal = 380BFD7F2B80F2AF0066425D /* Project object */;
			proxyType = 1;
			remoteGlobalIDString = 380BFD862B80F2AF0066425D;
			remoteInfo = Coins;
		};
		380BFDA22B80F2B00066425D /* PBXContainerItemProxy */ = {
			isa = PBXContainerItemProxy;
			containerPortal = 380BFD7F2B80F2AF0066425D /* Project object */;
			proxyType = 1;
			remoteGlobalIDString = 380BFD862B80F2AF0066425D;
			remoteInfo = Coins;
		};
/* End PBXContainerItemProxy section */

/* Begin PBXFileReference section */
		3803BF122B853AE800DA340D /* CurrencyWrapper.swift */ = {isa = PBXFileReference; lastKnownFileType = sourcecode.swift; path = CurrencyWrapper.swift; sourceTree = "<group>"; };
		3803BF162B854AE800DA340D /* GetCurrencyUseCase.swift */ = {isa = PBXFileReference; lastKnownFileType = sourcecode.swift; path = GetCurrencyUseCase.swift; sourceTree = "<group>"; };
		3803BF1B2B85615600DA340D /* GetCurrencyDetailsResponse.json */ = {isa = PBXFileReference; lastKnownFileType = text.json; path = GetCurrencyDetailsResponse.json; sourceTree = "<group>"; };
		3803BF1D2B85624B00DA340D /* GetCurrencyDetailsErrorResponse.json */ = {isa = PBXFileReference; lastKnownFileType = text.json; path = GetCurrencyDetailsErrorResponse.json; sourceTree = "<group>"; };
		3803BF1F2B8562A200DA340D /* GetCurrencyDetailsIncorrectResponse.json */ = {isa = PBXFileReference; lastKnownFileType = text.json; path = GetCurrencyDetailsIncorrectResponse.json; sourceTree = "<group>"; };
		3803BF212B85670300DA340D /* GetCurrencyDetailsUseCaseImplementationTests.swift */ = {isa = PBXFileReference; lastKnownFileType = sourcecode.swift; path = GetCurrencyDetailsUseCaseImplementationTests.swift; sourceTree = "<group>"; };
		3803BF232B856A0300DA340D /* GetCurrenciesInvalidDataResponse.json */ = {isa = PBXFileReference; lastKnownFileType = text.json; path = GetCurrenciesInvalidDataResponse.json; sourceTree = "<group>"; };
		3803BF252B856B0200DA340D /* GetCurrencyDetailsInvalidDataResponse.json */ = {isa = PBXFileReference; lastKnownFileType = text.json; path = GetCurrencyDetailsInvalidDataResponse.json; sourceTree = "<group>"; };
		380A08A62B828F48007828C6 /* OverviewViewModel.swift */ = {isa = PBXFileReference; lastKnownFileType = sourcecode.swift; path = OverviewViewModel.swift; sourceTree = "<group>"; };
		380A08A82B82A589007828C6 /* OverviewViewModelTests.swift */ = {isa = PBXFileReference; lastKnownFileType = sourcecode.swift; path = OverviewViewModelTests.swift; sourceTree = "<group>"; };
		380A08AA2B82AE20007828C6 /* CurrencyView.swift */ = {isa = PBXFileReference; lastKnownFileType = sourcecode.swift; path = CurrencyView.swift; sourceTree = "<group>"; };
		380A08AC2B82AEA6007828C6 /* PreviewCurrencies.swift */ = {isa = PBXFileReference; lastKnownFileType = sourcecode.swift; path = PreviewCurrencies.swift; sourceTree = "<group>"; };
		380A08AE2B82AF9E007828C6 /* PreviewOverviewViewModel.swift */ = {isa = PBXFileReference; lastKnownFileType = sourcecode.swift; path = PreviewOverviewViewModel.swift; sourceTree = "<group>"; };
		380A08B02B82C679007828C6 /* CircleAsyncImage.swift */ = {isa = PBXFileReference; lastKnownFileType = sourcecode.swift; path = CircleAsyncImage.swift; sourceTree = "<group>"; };
		380BFD872B80F2AF0066425D /* Coins.app */ = {isa = PBXFileReference; explicitFileType = wrapper.application; includeInIndex = 0; path = Coins.app; sourceTree = BUILT_PRODUCTS_DIR; };
		380BFD8A2B80F2AF0066425D /* CoinsApp.swift */ = {isa = PBXFileReference; lastKnownFileType = sourcecode.swift; path = CoinsApp.swift; sourceTree = "<group>"; };
		380BFD8C2B80F2AF0066425D /* OverviewView.swift */ = {isa = PBXFileReference; lastKnownFileType = sourcecode.swift; path = OverviewView.swift; sourceTree = "<group>"; };
		380BFD8E2B80F2B00066425D /* Assets.xcassets */ = {isa = PBXFileReference; lastKnownFileType = folder.assetcatalog; path = Assets.xcassets; sourceTree = "<group>"; };
		380BFD912B80F2B00066425D /* Preview Assets.xcassets */ = {isa = PBXFileReference; lastKnownFileType = folder.assetcatalog; path = "Preview Assets.xcassets"; sourceTree = "<group>"; };
		380BFD972B80F2B00066425D /* CoinsTests.xctest */ = {isa = PBXFileReference; explicitFileType = wrapper.cfbundle; includeInIndex = 0; path = CoinsTests.xctest; sourceTree = BUILT_PRODUCTS_DIR; };
		380BFD9B2B80F2B00066425D /* RequestBuilderImplementationTests.swift */ = {isa = PBXFileReference; lastKnownFileType = sourcecode.swift; path = RequestBuilderImplementationTests.swift; sourceTree = "<group>"; };
		380BFDA12B80F2B00066425D /* CoinsUITests.xctest */ = {isa = PBXFileReference; explicitFileType = wrapper.cfbundle; includeInIndex = 0; path = CoinsUITests.xctest; sourceTree = BUILT_PRODUCTS_DIR; };
		380BFDA52B80F2B00066425D /* CoinsUITests.swift */ = {isa = PBXFileReference; lastKnownFileType = sourcecode.swift; path = CoinsUITests.swift; sourceTree = "<group>"; };
		380BFDA72B80F2B00066425D /* CoinsUITestsLaunchTests.swift */ = {isa = PBXFileReference; lastKnownFileType = sourcecode.swift; path = CoinsUITestsLaunchTests.swift; sourceTree = "<group>"; };
		380BFDC32B8100880066425D /* Currency.swift */ = {isa = PBXFileReference; lastKnownFileType = sourcecode.swift; path = Currency.swift; sourceTree = "<group>"; };
		380BFDC52B8101CE0066425D /* CurrenciesWrapper.swift */ = {isa = PBXFileReference; lastKnownFileType = sourcecode.swift; path = CurrenciesWrapper.swift; sourceTree = "<group>"; };
		380BFDC72B8102FF0066425D /* RequestBuilder.swift */ = {isa = PBXFileReference; lastKnownFileType = sourcecode.swift; path = RequestBuilder.swift; sourceTree = "<group>"; };
		380BFDC92B8104C40066425D /* RequestBuilderImplementation.swift */ = {isa = PBXFileReference; lastKnownFileType = sourcecode.swift; path = RequestBuilderImplementation.swift; sourceTree = "<group>"; };
		380BFDCB2B81059C0066425D /* ApiError.swift */ = {isa = PBXFileReference; lastKnownFileType = sourcecode.swift; path = ApiError.swift; sourceTree = "<group>"; };
		380BFDCD2B81070A0066425D /* ApiDataSource.swift */ = {isa = PBXFileReference; lastKnownFileType = sourcecode.swift; path = ApiDataSource.swift; sourceTree = "<group>"; };
		380BFDCF2B8108BD0066425D /* ApiDataSourceImplementation.swift */ = {isa = PBXFileReference; lastKnownFileType = sourcecode.swift; path = ApiDataSourceImplementation.swift; sourceTree = "<group>"; };
		380BFDD12B810EB40066425D /* CurrencyEntity.swift */ = {isa = PBXFileReference; lastKnownFileType = sourcecode.swift; path = CurrencyEntity.swift; sourceTree = "<group>"; };
		380BFDD32B8112070066425D /* Repository.swift */ = {isa = PBXFileReference; lastKnownFileType = sourcecode.swift; path = Repository.swift; sourceTree = "<group>"; };
		380BFDD52B8112960066425D /* RepositoryImplementation.swift */ = {isa = PBXFileReference; lastKnownFileType = sourcecode.swift; path = RepositoryImplementation.swift; sourceTree = "<group>"; };
		380BFDD72B816A660066425D /* GetCurrenciesUseCase.swift */ = {isa = PBXFileReference; lastKnownFileType = sourcecode.swift; path = GetCurrenciesUseCase.swift; sourceTree = "<group>"; };
		380BFDD92B816C910066425D /* Container.swift */ = {isa = PBXFileReference; lastKnownFileType = sourcecode.swift; path = Container.swift; sourceTree = "<group>"; };
		380BFDDB2B816CCA0066425D /* Container+Data.swift */ = {isa = PBXFileReference; lastKnownFileType = sourcecode.swift; path = "Container+Data.swift"; sourceTree = "<group>"; };
		380BFDDD2B816CF90066425D /* Container+Domain.swift */ = {isa = PBXFileReference; lastKnownFileType = sourcecode.swift; path = "Container+Domain.swift"; sourceTree = "<group>"; };
		380BFDDF2B816D7D0066425D /* Resolver.swift */ = {isa = PBXFileReference; lastKnownFileType = sourcecode.swift; path = Resolver.swift; sourceTree = "<group>"; };
		380BFDE22B816E830066425D /* MockURLProtocol.swift */ = {isa = PBXFileReference; lastKnownFileType = sourcecode.swift; path = MockURLProtocol.swift; sourceTree = "<group>"; };
		380BFDE42B816EDB0066425D /* MockResponseProvider.swift */ = {isa = PBXFileReference; lastKnownFileType = sourcecode.swift; path = MockResponseProvider.swift; sourceTree = "<group>"; };
		380BFDE62B816F510066425D /* Container+Mock.swift */ = {isa = PBXFileReference; lastKnownFileType = sourcecode.swift; path = "Container+Mock.swift"; sourceTree = "<group>"; };
		380BFDE82B8170330066425D /* MockResolver.swift */ = {isa = PBXFileReference; lastKnownFileType = sourcecode.swift; path = MockResolver.swift; sourceTree = "<group>"; };
		380BFDED2B8171F60066425D /* GetCurrenciesResponse.json */ = {isa = PBXFileReference; lastKnownFileType = text.json; path = GetCurrenciesResponse.json; sourceTree = "<group>"; };
		380BFDEF2B8173930066425D /* GetCurrenciesErrorResponse.json */ = {isa = PBXFileReference; lastKnownFileType = text.json; path = GetCurrenciesErrorResponse.json; sourceTree = "<group>"; };
		380BFDF32B8174290066425D /* GetCurrenciesIncorrectResponse.json */ = {isa = PBXFileReference; lastKnownFileType = text.json; path = GetCurrenciesIncorrectResponse.json; sourceTree = "<group>"; };
		380BFDF62B8179120066425D /* ApiDataSourceImplementationTests.swift */ = {isa = PBXFileReference; lastKnownFileType = sourcecode.swift; path = ApiDataSourceImplementationTests.swift; sourceTree = "<group>"; };
		380BFDF82B817A210066425D /* RepositoryImplementationTests.swift */ = {isa = PBXFileReference; lastKnownFileType = sourcecode.swift; path = RepositoryImplementationTests.swift; sourceTree = "<group>"; };
		380BFDFA2B817AC60066425D /* GetCurrenciesUseCaseImplementationTests.swift */ = {isa = PBXFileReference; lastKnownFileType = sourcecode.swift; path = GetCurrenciesUseCaseImplementationTests.swift; sourceTree = "<group>"; };
		38721E912B86401F008F2698 /* DetailsViewModel.swift */ = {isa = PBXFileReference; lastKnownFileType = sourcecode.swift; path = DetailsViewModel.swift; sourceTree = "<group>"; };
		38721E932B864C62008F2698 /* DetailsViewModelTests.swift */ = {isa = PBXFileReference; lastKnownFileType = sourcecode.swift; path = DetailsViewModelTests.swift; sourceTree = "<group>"; };
		38721E952B865A88008F2698 /* BackgroundView.swift */ = {isa = PBXFileReference; lastKnownFileType = sourcecode.swift; path = BackgroundView.swift; sourceTree = "<group>"; };
		38721E972B865E1A008F2698 /* ChangePercentView.swift */ = {isa = PBXFileReference; lastKnownFileType = sourcecode.swift; path = ChangePercentView.swift; sourceTree = "<group>"; };
		38721E992B8661A7008F2698 /* HeadlineAmountView.swift */ = {isa = PBXFileReference; lastKnownFileType = sourcecode.swift; path = HeadlineAmountView.swift; sourceTree = "<group>"; };
		38721E9B2B866284008F2698 /* AmountView.swift */ = {isa = PBXFileReference; lastKnownFileType = sourcecode.swift; path = AmountView.swift; sourceTree = "<group>"; };
		38721E9D2B868039008F2698 /* DetailsView.swift */ = {isa = PBXFileReference; lastKnownFileType = sourcecode.swift; path = DetailsView.swift; sourceTree = "<group>"; };
		38721E9F2B8680D4008F2698 /* PreviewDetailsViewModel.swift */ = {isa = PBXFileReference; lastKnownFileType = sourcecode.swift; path = PreviewDetailsViewModel.swift; sourceTree = "<group>"; };
		38E79E2D2B833E52004D00F2 /* Poppins-Regular.ttf */ = {isa = PBXFileReference; lastKnownFileType = file; path = "Poppins-Regular.ttf"; sourceTree = "<group>"; };
		38E79E342B833E53004D00F2 /* Poppins-Bold.ttf */ = {isa = PBXFileReference; lastKnownFileType = file; path = "Poppins-Bold.ttf"; sourceTree = "<group>"; };
		38E79E502B8340B2004D00F2 /* Info.plist */ = {isa = PBXFileReference; lastKnownFileType = text.plist; path = Info.plist; sourceTree = "<group>"; };
		38E79E512B836570004D00F2 /* Font+Extension.swift */ = {isa = PBXFileReference; lastKnownFileType = sourcecode.swift; path = "Font+Extension.swift"; sourceTree = "<group>"; };
		38E79E532B83A227004D00F2 /* RepositoryError.swift */ = {isa = PBXFileReference; lastKnownFileType = sourcecode.swift; path = RepositoryError.swift; sourceTree = "<group>"; };
		38E79E552B83A295004D00F2 /* AppError.swift */ = {isa = PBXFileReference; lastKnownFileType = sourcecode.swift; path = AppError.swift; sourceTree = "<group>"; };
		38E79E582B83C2E2004D00F2 /* Double+Extension.swift */ = {isa = PBXFileReference; lastKnownFileType = sourcecode.swift; path = "Double+Extension.swift"; sourceTree = "<group>"; };
/* End PBXFileReference section */

/* Begin PBXFrameworksBuildPhase section */
		380BFD842B80F2AF0066425D /* Frameworks */ = {
			isa = PBXFrameworksBuildPhase;
			buildActionMask = 2147483647;
			files = (
			);
			runOnlyForDeploymentPostprocessing = 0;
		};
		380BFD942B80F2B00066425D /* Frameworks */ = {
			isa = PBXFrameworksBuildPhase;
			buildActionMask = 2147483647;
			files = (
			);
			runOnlyForDeploymentPostprocessing = 0;
		};
		380BFD9E2B80F2B00066425D /* Frameworks */ = {
			isa = PBXFrameworksBuildPhase;
			buildActionMask = 2147483647;
			files = (
			);
			runOnlyForDeploymentPostprocessing = 0;
		};
/* End PBXFrameworksBuildPhase section */

/* Begin PBXGroup section */
		380BFD7E2B80F2AF0066425D = {
			isa = PBXGroup;
			children = (
				380BFD892B80F2AF0066425D /* Coins */,
				380BFD9A2B80F2B00066425D /* CoinsTests */,
				380BFDA42B80F2B00066425D /* CoinsUITests */,
				380BFD882B80F2AF0066425D /* Products */,
			);
			sourceTree = "<group>";
		};
		380BFD882B80F2AF0066425D /* Products */ = {
			isa = PBXGroup;
			children = (
				380BFD872B80F2AF0066425D /* Coins.app */,
				380BFD972B80F2B00066425D /* CoinsTests.xctest */,
				380BFDA12B80F2B00066425D /* CoinsUITests.xctest */,
			);
			name = Products;
			sourceTree = "<group>";
		};
		380BFD892B80F2AF0066425D /* Coins */ = {
			isa = PBXGroup;
			children = (
				380BFDC02B80F7460066425D /* Core */,
				380BFDBB2B80F6CA0066425D /* Data */,
				380BFDB72B80F6870066425D /* Domain */,
				380BFDB42B80F6050066425D /* Presentation */,
				380BFD902B80F2B00066425D /* Preview Content */,
				380BFD8E2B80F2B00066425D /* Assets.xcassets */,
				380BFD8A2B80F2AF0066425D /* CoinsApp.swift */,
				38E79E502B8340B2004D00F2 /* Info.plist */,
			);
			path = Coins;
			sourceTree = "<group>";
		};
		380BFD902B80F2B00066425D /* Preview Content */ = {
			isa = PBXGroup;
			children = (
				380BFD912B80F2B00066425D /* Preview Assets.xcassets */,
				380A08AC2B82AEA6007828C6 /* PreviewCurrencies.swift */,
				38721E9F2B8680D4008F2698 /* PreviewDetailsViewModel.swift */,
				380A08AE2B82AF9E007828C6 /* PreviewOverviewViewModel.swift */,
			);
			path = "Preview Content";
			sourceTree = "<group>";
		};
		380BFD9A2B80F2B00066425D /* CoinsTests */ = {
			isa = PBXGroup;
			children = (
				380BFDE12B816E680066425D /* Mock */,
				380BFDEA2B8170E00066425D /* Resources */,
				380BFDF52B8174AD0066425D /* Tests */,
			);
			path = CoinsTests;
			sourceTree = "<group>";
		};
		380BFDA42B80F2B00066425D /* CoinsUITests */ = {
			isa = PBXGroup;
			children = (
				380BFDA52B80F2B00066425D /* CoinsUITests.swift */,
				380BFDA72B80F2B00066425D /* CoinsUITestsLaunchTests.swift */,
			);
			path = CoinsUITests;
			sourceTree = "<group>";
		};
		380BFDB42B80F6050066425D /* Presentation */ = {
			isa = PBXGroup;
			children = (
				380BFDB52B80F6260066425D /* Common */,
				38721E902B863FF5008F2698 /* Details */,
				380BFDB62B80F62F0066425D /* Overview */,
			);
			path = Presentation;
			sourceTree = "<group>";
		};
		380BFDB52B80F6260066425D /* Common */ = {
			isa = PBXGroup;
			children = (
				38E79E2B2B833DFF004D00F2 /* Font */,
				38721E9B2B866284008F2698 /* AmountView.swift */,
				38721E952B865A88008F2698 /* BackgroundView.swift */,
				38721E972B865E1A008F2698 /* ChangePercentView.swift */,
				380A08B02B82C679007828C6 /* CircleAsyncImage.swift */,
				38721E992B8661A7008F2698 /* HeadlineAmountView.swift */,
			);
			path = Common;
			sourceTree = "<group>";
		};
		380BFDB62B80F62F0066425D /* Overview */ = {
			isa = PBXGroup;
			children = (
				380A08AA2B82AE20007828C6 /* CurrencyView.swift */,
				380BFD8C2B80F2AF0066425D /* OverviewView.swift */,
				380A08A62B828F48007828C6 /* OverviewViewModel.swift */,
			);
			path = Overview;
			sourceTree = "<group>";
		};
		380BFDB72B80F6870066425D /* Domain */ = {
			isa = PBXGroup;
			children = (
				380BFDB82B80F69B0066425D /* Entity */,
				380BFDB92B80F6A50066425D /* Repository */,
				380BFDBA2B80F6B50066425D /* UseCase */,
			);
			path = Domain;
			sourceTree = "<group>";
		};
		380BFDB82B80F69B0066425D /* Entity */ = {
			isa = PBXGroup;
			children = (
				380BFDD12B810EB40066425D /* CurrencyEntity.swift */,
			);
			path = Entity;
			sourceTree = "<group>";
		};
		380BFDB92B80F6A50066425D /* Repository */ = {
			isa = PBXGroup;
			children = (
				380BFDD32B8112070066425D /* Repository.swift */,
			);
			path = Repository;
			sourceTree = "<group>";
		};
		380BFDBA2B80F6B50066425D /* UseCase */ = {
			isa = PBXGroup;
			children = (
				380BFDD72B816A660066425D /* GetCurrenciesUseCase.swift */,
				3803BF162B854AE800DA340D /* GetCurrencyUseCase.swift */,
			);
			path = UseCase;
			sourceTree = "<group>";
		};
		380BFDBB2B80F6CA0066425D /* Data */ = {
			isa = PBXGroup;
			children = (
				380BFDBC2B80F6E10066425D /* DataSource */,
				380BFDBF2B80F70D0066425D /* Repository */,
			);
			path = Data;
			sourceTree = "<group>";
		};
		380BFDBC2B80F6E10066425D /* DataSource */ = {
			isa = PBXGroup;
			children = (
				380BFDBD2B80F6ED0066425D /* Api */,
			);
			path = DataSource;
			sourceTree = "<group>";
		};
		380BFDBD2B80F6ED0066425D /* Api */ = {
			isa = PBXGroup;
			children = (
				380BFDBE2B80F6FA0066425D /* Model */,
				380BFDCD2B81070A0066425D /* ApiDataSource.swift */,
				380BFDC72B8102FF0066425D /* RequestBuilder.swift */,
			);
			path = Api;
			sourceTree = "<group>";
		};
		380BFDBE2B80F6FA0066425D /* Model */ = {
			isa = PBXGroup;
			children = (
				380BFDC52B8101CE0066425D /* CurrenciesWrapper.swift */,
				380BFDC32B8100880066425D /* Currency.swift */,
				3803BF122B853AE800DA340D /* CurrencyWrapper.swift */,
			);
			path = Model;
			sourceTree = "<group>";
		};
		380BFDBF2B80F70D0066425D /* Repository */ = {
			isa = PBXGroup;
			children = (
				380BFDCF2B8108BD0066425D /* ApiDataSourceImplementation.swift */,
				380BFDD52B8112960066425D /* RepositoryImplementation.swift */,
				380BFDC92B8104C40066425D /* RequestBuilderImplementation.swift */,
			);
			path = Repository;
			sourceTree = "<group>";
		};
		380BFDC02B80F7460066425D /* Core */ = {
			isa = PBXGroup;
			children = (
				380BFDC12B80F74D0066425D /* DI */,
				380BFDC22B80F7540066425D /* Error */,
				38E79E572B83C2B0004D00F2 /* Extension */,
			);
			path = Core;
			sourceTree = "<group>";
		};
		380BFDC12B80F74D0066425D /* DI */ = {
			isa = PBXGroup;
			children = (
				380BFDD92B816C910066425D /* Container.swift */,
				380BFDDB2B816CCA0066425D /* Container+Data.swift */,
				380BFDDD2B816CF90066425D /* Container+Domain.swift */,
				380BFDDF2B816D7D0066425D /* Resolver.swift */,
			);
			path = DI;
			sourceTree = "<group>";
		};
		380BFDC22B80F7540066425D /* Error */ = {
			isa = PBXGroup;
			children = (
				380BFDCB2B81059C0066425D /* ApiError.swift */,
				38E79E552B83A295004D00F2 /* AppError.swift */,
				38E79E532B83A227004D00F2 /* RepositoryError.swift */,
			);
			path = Error;
			sourceTree = "<group>";
		};
		380BFDE12B816E680066425D /* Mock */ = {
			isa = PBXGroup;
			children = (
				380BFDE62B816F510066425D /* Container+Mock.swift */,
				380BFDE82B8170330066425D /* MockResolver.swift */,
				380BFDE42B816EDB0066425D /* MockResponseProvider.swift */,
				380BFDE22B816E830066425D /* MockURLProtocol.swift */,
			);
			path = Mock;
			sourceTree = "<group>";
		};
		380BFDEA2B8170E00066425D /* Resources */ = {
			isa = PBXGroup;
			children = (
				380BFDEF2B8173930066425D /* GetCurrenciesErrorResponse.json */,
				380BFDF32B8174290066425D /* GetCurrenciesIncorrectResponse.json */,
				3803BF232B856A0300DA340D /* GetCurrenciesInvalidDataResponse.json */,
				380BFDED2B8171F60066425D /* GetCurrenciesResponse.json */,
				3803BF1D2B85624B00DA340D /* GetCurrencyDetailsErrorResponse.json */,
				3803BF1F2B8562A200DA340D /* GetCurrencyDetailsIncorrectResponse.json */,
				3803BF252B856B0200DA340D /* GetCurrencyDetailsInvalidDataResponse.json */,
				3803BF1B2B85615600DA340D /* GetCurrencyDetailsResponse.json */,
			);
			path = Resources;
			sourceTree = "<group>";
		};
		380BFDF52B8174AD0066425D /* Tests */ = {
			isa = PBXGroup;
			children = (
				380BFDF62B8179120066425D /* ApiDataSourceImplementationTests.swift */,
				38721E932B864C62008F2698 /* DetailsViewModelTests.swift */,
				380BFDFA2B817AC60066425D /* GetCurrenciesUseCaseImplementationTests.swift */,
				3803BF212B85670300DA340D /* GetCurrencyDetailsUseCaseImplementationTests.swift */,
				380A08A82B82A589007828C6 /* OverviewViewModelTests.swift */,
				380BFDF82B817A210066425D /* RepositoryImplementationTests.swift */,
				380BFD9B2B80F2B00066425D /* RequestBuilderImplementationTests.swift */,
			);
			path = Tests;
			sourceTree = "<group>";
		};
		38721E902B863FF5008F2698 /* Details */ = {
			isa = PBXGroup;
			children = (
				38721E9D2B868039008F2698 /* DetailsView.swift */,
				38721E912B86401F008F2698 /* DetailsViewModel.swift */,
			);
			path = Details;
			sourceTree = "<group>";
		};
		38E79E2B2B833DFF004D00F2 /* Font */ = {
			isa = PBXGroup;
			children = (
				38E79E512B836570004D00F2 /* Font+Extension.swift */,
				38E79E342B833E53004D00F2 /* Poppins-Bold.ttf */,
				38E79E2D2B833E52004D00F2 /* Poppins-Regular.ttf */,
			);
			path = Font;
			sourceTree = "<group>";
		};
		38E79E572B83C2B0004D00F2 /* Extension */ = {
			isa = PBXGroup;
			children = (
				38E79E582B83C2E2004D00F2 /* Double+Extension.swift */,
			);
			path = Extension;
			sourceTree = "<group>";
		};
/* End PBXGroup section */

/* Begin PBXNativeTarget section */
		380BFD862B80F2AF0066425D /* Coins */ = {
			isa = PBXNativeTarget;
			buildConfigurationList = 380BFDAB2B80F2B00066425D /* Build configuration list for PBXNativeTarget "Coins" */;
			buildPhases = (
				380BFD832B80F2AF0066425D /* Sources */,
				380BFD842B80F2AF0066425D /* Frameworks */,
				380BFD852B80F2AF0066425D /* Resources */,
			);
			buildRules = (
			);
			dependencies = (
			);
			name = Coins;
			productName = Coins;
			productReference = 380BFD872B80F2AF0066425D /* Coins.app */;
			productType = "com.apple.product-type.application";
		};
		380BFD962B80F2B00066425D /* CoinsTests */ = {
			isa = PBXNativeTarget;
			buildConfigurationList = 380BFDAE2B80F2B00066425D /* Build configuration list for PBXNativeTarget "CoinsTests" */;
			buildPhases = (
				380BFD932B80F2B00066425D /* Sources */,
				380BFD942B80F2B00066425D /* Frameworks */,
				380BFD952B80F2B00066425D /* Resources */,
			);
			buildRules = (
			);
			dependencies = (
				380BFD992B80F2B00066425D /* PBXTargetDependency */,
			);
			name = CoinsTests;
			productName = CoinsTests;
			productReference = 380BFD972B80F2B00066425D /* CoinsTests.xctest */;
			productType = "com.apple.product-type.bundle.unit-test";
		};
		380BFDA02B80F2B00066425D /* CoinsUITests */ = {
			isa = PBXNativeTarget;
			buildConfigurationList = 380BFDB12B80F2B00066425D /* Build configuration list for PBXNativeTarget "CoinsUITests" */;
			buildPhases = (
				380BFD9D2B80F2B00066425D /* Sources */,
				380BFD9E2B80F2B00066425D /* Frameworks */,
				380BFD9F2B80F2B00066425D /* Resources */,
			);
			buildRules = (
			);
			dependencies = (
				380BFDA32B80F2B00066425D /* PBXTargetDependency */,
			);
			name = CoinsUITests;
			productName = CoinsUITests;
			productReference = 380BFDA12B80F2B00066425D /* CoinsUITests.xctest */;
			productType = "com.apple.product-type.bundle.ui-testing";
		};
/* End PBXNativeTarget section */

/* Begin PBXProject section */
		380BFD7F2B80F2AF0066425D /* Project object */ = {
			isa = PBXProject;
			attributes = {
				BuildIndependentTargetsInParallel = 1;
				LastSwiftUpdateCheck = 1520;
				LastUpgradeCheck = 1520;
				TargetAttributes = {
					380BFD862B80F2AF0066425D = {
						CreatedOnToolsVersion = 15.2;
					};
					380BFD962B80F2B00066425D = {
						CreatedOnToolsVersion = 15.2;
						TestTargetID = 380BFD862B80F2AF0066425D;
					};
					380BFDA02B80F2B00066425D = {
						CreatedOnToolsVersion = 15.2;
						TestTargetID = 380BFD862B80F2AF0066425D;
					};
				};
			};
			buildConfigurationList = 380BFD822B80F2AF0066425D /* Build configuration list for PBXProject "Coins" */;
			compatibilityVersion = "Xcode 14.0";
			developmentRegion = en;
			hasScannedForEncodings = 0;
			knownRegions = (
				en,
				Base,
			);
			mainGroup = 380BFD7E2B80F2AF0066425D;
			productRefGroup = 380BFD882B80F2AF0066425D /* Products */;
			projectDirPath = "";
			projectRoot = "";
			targets = (
				380BFD862B80F2AF0066425D /* Coins */,
				380BFD962B80F2B00066425D /* CoinsTests */,
				380BFDA02B80F2B00066425D /* CoinsUITests */,
			);
		};
/* End PBXProject section */

/* Begin PBXResourcesBuildPhase section */
		380BFD852B80F2AF0066425D /* Resources */ = {
			isa = PBXResourcesBuildPhase;
			buildActionMask = 2147483647;
			files = (
				380BFD922B80F2B00066425D /* Preview Assets.xcassets in Resources */,
				38E79E462B833E53004D00F2 /* Poppins-Bold.ttf in Resources */,
				380BFD8F2B80F2B00066425D /* Assets.xcassets in Resources */,
				38E79E3F2B833E53004D00F2 /* Poppins-Regular.ttf in Resources */,
			);
			runOnlyForDeploymentPostprocessing = 0;
		};
		380BFD952B80F2B00066425D /* Resources */ = {
			isa = PBXResourcesBuildPhase;
			buildActionMask = 2147483647;
			files = (
				380BFDF42B8174290066425D /* GetCurrenciesIncorrectResponse.json in Resources */,
				3803BF202B8562A200DA340D /* GetCurrencyDetailsIncorrectResponse.json in Resources */,
				380BFDEE2B8171F60066425D /* GetCurrenciesResponse.json in Resources */,
				3803BF262B856B0200DA340D /* GetCurrencyDetailsInvalidDataResponse.json in Resources */,
				380BFDF02B8173930066425D /* GetCurrenciesErrorResponse.json in Resources */,
				3803BF1C2B85615600DA340D /* GetCurrencyDetailsResponse.json in Resources */,
				3803BF1E2B85624B00DA340D /* GetCurrencyDetailsErrorResponse.json in Resources */,
				3803BF242B856A0300DA340D /* GetCurrenciesInvalidDataResponse.json in Resources */,
			);
			runOnlyForDeploymentPostprocessing = 0;
		};
		380BFD9F2B80F2B00066425D /* Resources */ = {
			isa = PBXResourcesBuildPhase;
			buildActionMask = 2147483647;
			files = (
			);
			runOnlyForDeploymentPostprocessing = 0;
		};
/* End PBXResourcesBuildPhase section */

/* Begin PBXSourcesBuildPhase section */
		380BFD832B80F2AF0066425D /* Sources */ = {
			isa = PBXSourcesBuildPhase;
			buildActionMask = 2147483647;
			files = (
				380A08B12B82C679007828C6 /* CircleAsyncImage.swift in Sources */,
				380BFDCC2B81059C0066425D /* ApiError.swift in Sources */,
				38E79E542B83A227004D00F2 /* RepositoryError.swift in Sources */,
				380BFDD22B810EB40066425D /* CurrencyEntity.swift in Sources */,
				38E79E592B83C2E2004D00F2 /* Double+Extension.swift in Sources */,
				380BFDC82B8102FF0066425D /* RequestBuilder.swift in Sources */,
				38E79E522B836570004D00F2 /* Font+Extension.swift in Sources */,
				380BFDCA2B8104C40066425D /* RequestBuilderImplementation.swift in Sources */,
				380BFDCE2B81070A0066425D /* ApiDataSource.swift in Sources */,
				38721E982B865E1A008F2698 /* ChangePercentView.swift in Sources */,
				380A08AB2B82AE20007828C6 /* CurrencyView.swift in Sources */,
				38721E962B865A88008F2698 /* BackgroundView.swift in Sources */,
				380BFDD82B816A660066425D /* GetCurrenciesUseCase.swift in Sources */,
				380BFDD42B8112070066425D /* Repository.swift in Sources */,
				380BFDDE2B816CF90066425D /* Container+Domain.swift in Sources */,
				380BFDC42B8100880066425D /* Currency.swift in Sources */,
				38721EA02B8680D4008F2698 /* PreviewDetailsViewModel.swift in Sources */,
				380BFDD02B8108BD0066425D /* ApiDataSourceImplementation.swift in Sources */,
				380A08AF2B82AF9E007828C6 /* PreviewOverviewViewModel.swift in Sources */,
				380BFD8D2B80F2AF0066425D /* OverviewView.swift in Sources */,
				3803BF172B854AE800DA340D /* GetCurrencyUseCase.swift in Sources */,
				38721E9C2B866284008F2698 /* AmountView.swift in Sources */,
				380BFDC62B8101CE0066425D /* CurrenciesWrapper.swift in Sources */,
				38E79E562B83A295004D00F2 /* AppError.swift in Sources */,
				380BFDDA2B816C910066425D /* Container.swift in Sources */,
				3803BF132B853AE800DA340D /* CurrencyWrapper.swift in Sources */,
				380BFDE02B816D7D0066425D /* Resolver.swift in Sources */,
				380A08AD2B82AEA6007828C6 /* PreviewCurrencies.swift in Sources */,
				380BFDDC2B816CCA0066425D /* Container+Data.swift in Sources */,
				38721E9E2B868039008F2698 /* DetailsView.swift in Sources */,
				38721E9A2B8661A7008F2698 /* HeadlineAmountView.swift in Sources */,
				380BFD8B2B80F2AF0066425D /* CoinsApp.swift in Sources */,
				38721E922B86401F008F2698 /* DetailsViewModel.swift in Sources */,
				380BFDD62B8112960066425D /* RepositoryImplementation.swift in Sources */,
				380A08A72B828F48007828C6 /* OverviewViewModel.swift in Sources */,
			);
			runOnlyForDeploymentPostprocessing = 0;
		};
		380BFD932B80F2B00066425D /* Sources */ = {
			isa = PBXSourcesBuildPhase;
			buildActionMask = 2147483647;
			files = (
				380BFDF92B817A210066425D /* RepositoryImplementationTests.swift in Sources */,
				380BFDE92B8170330066425D /* MockResolver.swift in Sources */,
				380A08A92B82A589007828C6 /* OverviewViewModelTests.swift in Sources */,
				38721E942B864C62008F2698 /* DetailsViewModelTests.swift in Sources */,
				380BFD9C2B80F2B00066425D /* RequestBuilderImplementationTests.swift in Sources */,
				3803BF222B85670300DA340D /* GetCurrencyDetailsUseCaseImplementationTests.swift in Sources */,
				380BFDE32B816E830066425D /* MockURLProtocol.swift in Sources */,
				380BFDF72B8179120066425D /* ApiDataSourceImplementationTests.swift in Sources */,
				380BFDFB2B817AC60066425D /* GetCurrenciesUseCaseImplementationTests.swift in Sources */,
				380BFDE52B816EDB0066425D /* MockResponseProvider.swift in Sources */,
				380BFDE72B816F510066425D /* Container+Mock.swift in Sources */,
			);
			runOnlyForDeploymentPostprocessing = 0;
		};
		380BFD9D2B80F2B00066425D /* Sources */ = {
			isa = PBXSourcesBuildPhase;
			buildActionMask = 2147483647;
			files = (
				380BFDA62B80F2B00066425D /* CoinsUITests.swift in Sources */,
				380BFDA82B80F2B00066425D /* CoinsUITestsLaunchTests.swift in Sources */,
			);
			runOnlyForDeploymentPostprocessing = 0;
		};
/* End PBXSourcesBuildPhase section */

/* Begin PBXTargetDependency section */
		380BFD992B80F2B00066425D /* PBXTargetDependency */ = {
			isa = PBXTargetDependency;
			target = 380BFD862B80F2AF0066425D /* Coins */;
			targetProxy = 380BFD982B80F2B00066425D /* PBXContainerItemProxy */;
		};
		380BFDA32B80F2B00066425D /* PBXTargetDependency */ = {
			isa = PBXTargetDependency;
			target = 380BFD862B80F2AF0066425D /* Coins */;
			targetProxy = 380BFDA22B80F2B00066425D /* PBXContainerItemProxy */;
		};
/* End PBXTargetDependency section */

/* Begin XCBuildConfiguration section */
		380BFDA92B80F2B00066425D /* Debug */ = {
			isa = XCBuildConfiguration;
			buildSettings = {
				ALWAYS_SEARCH_USER_PATHS = NO;
				ASSETCATALOG_COMPILER_GENERATE_SWIFT_ASSET_SYMBOL_EXTENSIONS = YES;
				CLANG_ANALYZER_NONNULL = YES;
				CLANG_ANALYZER_NUMBER_OBJECT_CONVERSION = YES_AGGRESSIVE;
				CLANG_CXX_LANGUAGE_STANDARD = "gnu++20";
				CLANG_ENABLE_MODULES = YES;
				CLANG_ENABLE_OBJC_ARC = YES;
				CLANG_ENABLE_OBJC_WEAK = YES;
				CLANG_WARN_BLOCK_CAPTURE_AUTORELEASING = YES;
				CLANG_WARN_BOOL_CONVERSION = YES;
				CLANG_WARN_COMMA = YES;
				CLANG_WARN_CONSTANT_CONVERSION = YES;
				CLANG_WARN_DEPRECATED_OBJC_IMPLEMENTATIONS = YES;
				CLANG_WARN_DIRECT_OBJC_ISA_USAGE = YES_ERROR;
				CLANG_WARN_DOCUMENTATION_COMMENTS = YES;
				CLANG_WARN_EMPTY_BODY = YES;
				CLANG_WARN_ENUM_CONVERSION = YES;
				CLANG_WARN_INFINITE_RECURSION = YES;
				CLANG_WARN_INT_CONVERSION = YES;
				CLANG_WARN_NON_LITERAL_NULL_CONVERSION = YES;
				CLANG_WARN_OBJC_IMPLICIT_RETAIN_SELF = YES;
				CLANG_WARN_OBJC_LITERAL_CONVERSION = YES;
				CLANG_WARN_OBJC_ROOT_CLASS = YES_ERROR;
				CLANG_WARN_QUOTED_INCLUDE_IN_FRAMEWORK_HEADER = YES;
				CLANG_WARN_RANGE_LOOP_ANALYSIS = YES;
				CLANG_WARN_STRICT_PROTOTYPES = YES;
				CLANG_WARN_SUSPICIOUS_MOVE = YES;
				CLANG_WARN_UNGUARDED_AVAILABILITY = YES_AGGRESSIVE;
				CLANG_WARN_UNREACHABLE_CODE = YES;
				CLANG_WARN__DUPLICATE_METHOD_MATCH = YES;
				COPY_PHASE_STRIP = NO;
				DEBUG_INFORMATION_FORMAT = dwarf;
				ENABLE_STRICT_OBJC_MSGSEND = YES;
				ENABLE_TESTABILITY = YES;
				ENABLE_USER_SCRIPT_SANDBOXING = YES;
				GCC_C_LANGUAGE_STANDARD = gnu17;
				GCC_DYNAMIC_NO_PIC = NO;
				GCC_NO_COMMON_BLOCKS = YES;
				GCC_OPTIMIZATION_LEVEL = 0;
				GCC_PREPROCESSOR_DEFINITIONS = (
					"DEBUG=1",
					"$(inherited)",
				);
				GCC_WARN_64_TO_32_BIT_CONVERSION = YES;
				GCC_WARN_ABOUT_RETURN_TYPE = YES_ERROR;
				GCC_WARN_UNDECLARED_SELECTOR = YES;
				GCC_WARN_UNINITIALIZED_AUTOS = YES_AGGRESSIVE;
				GCC_WARN_UNUSED_FUNCTION = YES;
				GCC_WARN_UNUSED_VARIABLE = YES;
				IPHONEOS_DEPLOYMENT_TARGET = 17.2;
				LOCALIZATION_PREFERS_STRING_CATALOGS = YES;
				MTL_ENABLE_DEBUG_INFO = INCLUDE_SOURCE;
				MTL_FAST_MATH = YES;
				ONLY_ACTIVE_ARCH = YES;
				SDKROOT = iphoneos;
				SWIFT_ACTIVE_COMPILATION_CONDITIONS = "DEBUG $(inherited)";
				SWIFT_OPTIMIZATION_LEVEL = "-Onone";
			};
			name = Debug;
		};
		380BFDAA2B80F2B00066425D /* Release */ = {
			isa = XCBuildConfiguration;
			buildSettings = {
				ALWAYS_SEARCH_USER_PATHS = NO;
				ASSETCATALOG_COMPILER_GENERATE_SWIFT_ASSET_SYMBOL_EXTENSIONS = YES;
				CLANG_ANALYZER_NONNULL = YES;
				CLANG_ANALYZER_NUMBER_OBJECT_CONVERSION = YES_AGGRESSIVE;
				CLANG_CXX_LANGUAGE_STANDARD = "gnu++20";
				CLANG_ENABLE_MODULES = YES;
				CLANG_ENABLE_OBJC_ARC = YES;
				CLANG_ENABLE_OBJC_WEAK = YES;
				CLANG_WARN_BLOCK_CAPTURE_AUTORELEASING = YES;
				CLANG_WARN_BOOL_CONVERSION = YES;
				CLANG_WARN_COMMA = YES;
				CLANG_WARN_CONSTANT_CONVERSION = YES;
				CLANG_WARN_DEPRECATED_OBJC_IMPLEMENTATIONS = YES;
				CLANG_WARN_DIRECT_OBJC_ISA_USAGE = YES_ERROR;
				CLANG_WARN_DOCUMENTATION_COMMENTS = YES;
				CLANG_WARN_EMPTY_BODY = YES;
				CLANG_WARN_ENUM_CONVERSION = YES;
				CLANG_WARN_INFINITE_RECURSION = YES;
				CLANG_WARN_INT_CONVERSION = YES;
				CLANG_WARN_NON_LITERAL_NULL_CONVERSION = YES;
				CLANG_WARN_OBJC_IMPLICIT_RETAIN_SELF = YES;
				CLANG_WARN_OBJC_LITERAL_CONVERSION = YES;
				CLANG_WARN_OBJC_ROOT_CLASS = YES_ERROR;
				CLANG_WARN_QUOTED_INCLUDE_IN_FRAMEWORK_HEADER = YES;
				CLANG_WARN_RANGE_LOOP_ANALYSIS = YES;
				CLANG_WARN_STRICT_PROTOTYPES = YES;
				CLANG_WARN_SUSPICIOUS_MOVE = YES;
				CLANG_WARN_UNGUARDED_AVAILABILITY = YES_AGGRESSIVE;
				CLANG_WARN_UNREACHABLE_CODE = YES;
				CLANG_WARN__DUPLICATE_METHOD_MATCH = YES;
				COPY_PHASE_STRIP = NO;
				DEBUG_INFORMATION_FORMAT = "dwarf-with-dsym";
				ENABLE_NS_ASSERTIONS = NO;
				ENABLE_STRICT_OBJC_MSGSEND = YES;
				ENABLE_USER_SCRIPT_SANDBOXING = YES;
				GCC_C_LANGUAGE_STANDARD = gnu17;
				GCC_NO_COMMON_BLOCKS = YES;
				GCC_WARN_64_TO_32_BIT_CONVERSION = YES;
				GCC_WARN_ABOUT_RETURN_TYPE = YES_ERROR;
				GCC_WARN_UNDECLARED_SELECTOR = YES;
				GCC_WARN_UNINITIALIZED_AUTOS = YES_AGGRESSIVE;
				GCC_WARN_UNUSED_FUNCTION = YES;
				GCC_WARN_UNUSED_VARIABLE = YES;
				IPHONEOS_DEPLOYMENT_TARGET = 17.2;
				LOCALIZATION_PREFERS_STRING_CATALOGS = YES;
				MTL_ENABLE_DEBUG_INFO = NO;
				MTL_FAST_MATH = YES;
				SDKROOT = iphoneos;
				SWIFT_COMPILATION_MODE = wholemodule;
				VALIDATE_PRODUCT = YES;
			};
			name = Release;
		};
		380BFDAC2B80F2B00066425D /* Debug */ = {
			isa = XCBuildConfiguration;
			buildSettings = {
				ASSETCATALOG_COMPILER_APPICON_NAME = AppIcon;
				ASSETCATALOG_COMPILER_GLOBAL_ACCENT_COLOR_NAME = AccentColor;
				CODE_SIGN_STYLE = Automatic;
				CURRENT_PROJECT_VERSION = 1;
				DEVELOPMENT_ASSET_PATHS = "\"Coins/Preview Content\"";
				DEVELOPMENT_TEAM = 8VWM8F499A;
				ENABLE_PREVIEWS = YES;
				GENERATE_INFOPLIST_FILE = YES;
				INFOPLIST_FILE = Coins/Info.plist;
				INFOPLIST_KEY_UIApplicationSceneManifest_Generation = YES;
				INFOPLIST_KEY_UIApplicationSupportsIndirectInputEvents = YES;
				INFOPLIST_KEY_UILaunchScreen_Generation = YES;
				INFOPLIST_KEY_UISupportedInterfaceOrientations_iPad = "UIInterfaceOrientationPortrait UIInterfaceOrientationPortraitUpsideDown UIInterfaceOrientationLandscapeLeft UIInterfaceOrientationLandscapeRight";
				INFOPLIST_KEY_UISupportedInterfaceOrientations_iPhone = "UIInterfaceOrientationPortrait UIInterfaceOrientationLandscapeLeft UIInterfaceOrientationLandscapeRight";
				LD_RUNPATH_SEARCH_PATHS = (
					"$(inherited)",
					"@executable_path/Frameworks",
				);
				MARKETING_VERSION = 1.0;
				PRODUCT_BUNDLE_IDENTIFIER = com.danielnovak.Coins;
				PRODUCT_NAME = "$(TARGET_NAME)";
				SWIFT_EMIT_LOC_STRINGS = YES;
				SWIFT_VERSION = 5.0;
				TARGETED_DEVICE_FAMILY = "1,2";
			};
			name = Debug;
		};
		380BFDAD2B80F2B00066425D /* Release */ = {
			isa = XCBuildConfiguration;
			buildSettings = {
				ASSETCATALOG_COMPILER_APPICON_NAME = AppIcon;
				ASSETCATALOG_COMPILER_GLOBAL_ACCENT_COLOR_NAME = AccentColor;
				CODE_SIGN_STYLE = Automatic;
				CURRENT_PROJECT_VERSION = 1;
				DEVELOPMENT_ASSET_PATHS = "\"Coins/Preview Content\"";
				DEVELOPMENT_TEAM = 8VWM8F499A;
				ENABLE_PREVIEWS = YES;
				GENERATE_INFOPLIST_FILE = YES;
				INFOPLIST_FILE = Coins/Info.plist;
				INFOPLIST_KEY_UIApplicationSceneManifest_Generation = YES;
				INFOPLIST_KEY_UIApplicationSupportsIndirectInputEvents = YES;
				INFOPLIST_KEY_UILaunchScreen_Generation = YES;
				INFOPLIST_KEY_UISupportedInterfaceOrientations_iPad = "UIInterfaceOrientationPortrait UIInterfaceOrientationPortraitUpsideDown UIInterfaceOrientationLandscapeLeft UIInterfaceOrientationLandscapeRight";
				INFOPLIST_KEY_UISupportedInterfaceOrientations_iPhone = "UIInterfaceOrientationPortrait UIInterfaceOrientationLandscapeLeft UIInterfaceOrientationLandscapeRight";
				LD_RUNPATH_SEARCH_PATHS = (
					"$(inherited)",
					"@executable_path/Frameworks",
				);
				MARKETING_VERSION = 1.0;
				PRODUCT_BUNDLE_IDENTIFIER = com.danielnovak.Coins;
				PRODUCT_NAME = "$(TARGET_NAME)";
				SWIFT_EMIT_LOC_STRINGS = YES;
				SWIFT_VERSION = 5.0;
				TARGETED_DEVICE_FAMILY = "1,2";
			};
			name = Release;
		};
		380BFDAF2B80F2B00066425D /* Debug */ = {
			isa = XCBuildConfiguration;
			buildSettings = {
				ALWAYS_EMBED_SWIFT_STANDARD_LIBRARIES = YES;
				BUNDLE_LOADER = "$(TEST_HOST)";
				CODE_SIGN_STYLE = Automatic;
				CURRENT_PROJECT_VERSION = 1;
				DEVELOPMENT_TEAM = 8VWM8F499A;
				GENERATE_INFOPLIST_FILE = YES;
				IPHONEOS_DEPLOYMENT_TARGET = 17.2;
				MARKETING_VERSION = 1.0;
				PRODUCT_BUNDLE_IDENTIFIER = com.danielnovak.CoinsTests;
				PRODUCT_NAME = "$(TARGET_NAME)";
				SWIFT_EMIT_LOC_STRINGS = NO;
				SWIFT_VERSION = 5.0;
				TARGETED_DEVICE_FAMILY = "1,2";
				TEST_HOST = "$(BUILT_PRODUCTS_DIR)/Coins.app/$(BUNDLE_EXECUTABLE_FOLDER_PATH)/Coins";
			};
			name = Debug;
		};
		380BFDB02B80F2B00066425D /* Release */ = {
			isa = XCBuildConfiguration;
			buildSettings = {
				ALWAYS_EMBED_SWIFT_STANDARD_LIBRARIES = YES;
				BUNDLE_LOADER = "$(TEST_HOST)";
				CODE_SIGN_STYLE = Automatic;
				CURRENT_PROJECT_VERSION = 1;
				DEVELOPMENT_TEAM = 8VWM8F499A;
				GENERATE_INFOPLIST_FILE = YES;
				IPHONEOS_DEPLOYMENT_TARGET = 17.2;
				MARKETING_VERSION = 1.0;
				PRODUCT_BUNDLE_IDENTIFIER = com.danielnovak.CoinsTests;
				PRODUCT_NAME = "$(TARGET_NAME)";
				SWIFT_EMIT_LOC_STRINGS = NO;
				SWIFT_VERSION = 5.0;
				TARGETED_DEVICE_FAMILY = "1,2";
				TEST_HOST = "$(BUILT_PRODUCTS_DIR)/Coins.app/$(BUNDLE_EXECUTABLE_FOLDER_PATH)/Coins";
			};
			name = Release;
		};
		380BFDB22B80F2B00066425D /* Debug */ = {
			isa = XCBuildConfiguration;
			buildSettings = {
				ALWAYS_EMBED_SWIFT_STANDARD_LIBRARIES = YES;
				CODE_SIGN_STYLE = Automatic;
				CURRENT_PROJECT_VERSION = 1;
				DEVELOPMENT_TEAM = 8VWM8F499A;
				GENERATE_INFOPLIST_FILE = YES;
				MARKETING_VERSION = 1.0;
				PRODUCT_BUNDLE_IDENTIFIER = com.danielnovak.CoinsUITests;
				PRODUCT_NAME = "$(TARGET_NAME)";
				SWIFT_EMIT_LOC_STRINGS = NO;
				SWIFT_VERSION = 5.0;
				TARGETED_DEVICE_FAMILY = "1,2";
				TEST_TARGET_NAME = Coins;
			};
			name = Debug;
		};
		380BFDB32B80F2B00066425D /* Release */ = {
			isa = XCBuildConfiguration;
			buildSettings = {
				ALWAYS_EMBED_SWIFT_STANDARD_LIBRARIES = YES;
				CODE_SIGN_STYLE = Automatic;
				CURRENT_PROJECT_VERSION = 1;
				DEVELOPMENT_TEAM = 8VWM8F499A;
				GENERATE_INFOPLIST_FILE = YES;
				MARKETING_VERSION = 1.0;
				PRODUCT_BUNDLE_IDENTIFIER = com.danielnovak.CoinsUITests;
				PRODUCT_NAME = "$(TARGET_NAME)";
				SWIFT_EMIT_LOC_STRINGS = NO;
				SWIFT_VERSION = 5.0;
				TARGETED_DEVICE_FAMILY = "1,2";
				TEST_TARGET_NAME = Coins;
			};
			name = Release;
		};
/* End XCBuildConfiguration section */

/* Begin XCConfigurationList section */
		380BFD822B80F2AF0066425D /* Build configuration list for PBXProject "Coins" */ = {
			isa = XCConfigurationList;
			buildConfigurations = (
				380BFDA92B80F2B00066425D /* Debug */,
				380BFDAA2B80F2B00066425D /* Release */,
			);
			defaultConfigurationIsVisible = 0;
			defaultConfigurationName = Release;
		};
		380BFDAB2B80F2B00066425D /* Build configuration list for PBXNativeTarget "Coins" */ = {
			isa = XCConfigurationList;
			buildConfigurations = (
				380BFDAC2B80F2B00066425D /* Debug */,
				380BFDAD2B80F2B00066425D /* Release */,
			);
			defaultConfigurationIsVisible = 0;
			defaultConfigurationName = Release;
		};
		380BFDAE2B80F2B00066425D /* Build configuration list for PBXNativeTarget "CoinsTests" */ = {
			isa = XCConfigurationList;
			buildConfigurations = (
				380BFDAF2B80F2B00066425D /* Debug */,
				380BFDB02B80F2B00066425D /* Release */,
			);
			defaultConfigurationIsVisible = 0;
			defaultConfigurationName = Release;
		};
		380BFDB12B80F2B00066425D /* Build configuration list for PBXNativeTarget "CoinsUITests" */ = {
			isa = XCConfigurationList;
			buildConfigurations = (
				380BFDB22B80F2B00066425D /* Debug */,
				380BFDB32B80F2B00066425D /* Release */,
			);
			defaultConfigurationIsVisible = 0;
			defaultConfigurationName = Release;
		};
/* End XCConfigurationList section */
	};
	rootObject = 380BFD7F2B80F2AF0066425D /* Project object */;
}
